// !$*UTF8*$!
{
	archiveVersion = 1;
	classes = {
	};
	objectVersion = 55;
	objects = {

/* Begin PBXBuildFile section */
		0ED7DCFA56C80D1E7B3D663D /* Pods_BeautyPhora.framework in Frameworks */ = {isa = PBXBuildFile; fileRef = 87110A6F781D8A15C2E51913 /* Pods_BeautyPhora.framework */; };
		7CD9F6F6FE5A5AB3D554AFDB /* Pods_BeautyPhoraTests.framework in Frameworks */ = {isa = PBXBuildFile; fileRef = 5BA57967D20AFAEC622A21F3 /* Pods_BeautyPhoraTests.framework */; };
		E9047B8F29705197000B1885 /* BeautyPhora.xcdatamodeld in Sources */ = {isa = PBXBuildFile; fileRef = E9047B8D29705197000B1885 /* BeautyPhora.xcdatamodeld */; };
		E9047B952970519A000B1885 /* Assets.xcassets in Resources */ = {isa = PBXBuildFile; fileRef = E9047B942970519A000B1885 /* Assets.xcassets */; };
		E9047B992970519A000B1885 /* Preview Assets.xcassets in Resources */ = {isa = PBXBuildFile; fileRef = E9047B982970519A000B1885 /* Preview Assets.xcassets */; };
		E9047BBC29705282000B1885 /* AppDelegate.swift in Sources */ = {isa = PBXBuildFile; fileRef = E9047BBB29705282000B1885 /* AppDelegate.swift */; };
		E9047BBE29705297000B1885 /* SceneDelegate.swift in Sources */ = {isa = PBXBuildFile; fileRef = E9047BBD29705297000B1885 /* SceneDelegate.swift */; };
		E9047BC1297052B5000B1885 /* HomeViewController.swift in Sources */ = {isa = PBXBuildFile; fileRef = E9047BC0297052B5000B1885 /* HomeViewController.swift */; };
		E9047BCC29705DF8000B1885 /* DataServiceProviderProtocol.swift in Sources */ = {isa = PBXBuildFile; fileRef = E9047BCB29705DF8000B1885 /* DataServiceProviderProtocol.swift */; };
		E9047BCE29705E17000B1885 /* NetworkProviderProtocol.swift in Sources */ = {isa = PBXBuildFile; fileRef = E9047BCD29705E17000B1885 /* NetworkProviderProtocol.swift */; };
		E9047BD029705EB1000B1885 /* APIProvider.swift in Sources */ = {isa = PBXBuildFile; fileRef = E9047BCF29705EB1000B1885 /* APIProvider.swift */; };
		E9047BD22970654A000B1885 /* Requester.swift in Sources */ = {isa = PBXBuildFile; fileRef = E9047BD12970654A000B1885 /* Requester.swift */; };
		E9047BD42970656A000B1885 /* Endpoint.swift in Sources */ = {isa = PBXBuildFile; fileRef = E9047BD32970656A000B1885 /* Endpoint.swift */; };
		E9047BD72970660E000B1885 /* ProductDTO.swift in Sources */ = {isa = PBXBuildFile; fileRef = E9047BD62970660E000B1885 /* ProductDTO.swift */; };
		E9047BDA297068B3000B1885 /* RequesterTests.swift in Sources */ = {isa = PBXBuildFile; fileRef = E9047BD9297068B3000B1885 /* RequesterTests.swift */; };
		E9047BDD2970699D000B1885 /* StubsProvider.swift in Sources */ = {isa = PBXBuildFile; fileRef = E9047BDC2970699D000B1885 /* StubsProvider.swift */; };
		E9047BE029706B3A000B1885 /* ProductProtocol.swift in Sources */ = {isa = PBXBuildFile; fileRef = E9047BDF29706B3A000B1885 /* ProductProtocol.swift */; };
		E9047BE229706BE1000B1885 /* BrandDTO.swift in Sources */ = {isa = PBXBuildFile; fileRef = E9047BE129706BE1000B1885 /* BrandDTO.swift */; };
		E9047BE429706C05000B1885 /* ImagesURLDTO.swift in Sources */ = {isa = PBXBuildFile; fileRef = E9047BE329706C05000B1885 /* ImagesURLDTO.swift */; };
		E9047BE629706F0B000B1885 /* MockURLProtocol.swift in Sources */ = {isa = PBXBuildFile; fileRef = E9047BE529706F0B000B1885 /* MockURLProtocol.swift */; };
		E9047BEB29707DC3000B1885 /* ProductRemoteStore.swift in Sources */ = {isa = PBXBuildFile; fileRef = E9047BEA29707DC3000B1885 /* ProductRemoteStore.swift */; };
		E9047BED29707DD1000B1885 /* ProductRemoteStoreProtocol.swift in Sources */ = {isa = PBXBuildFile; fileRef = E9047BEC29707DD1000B1885 /* ProductRemoteStoreProtocol.swift */; };
		E9047BF12970808D000B1885 /* ProductRepository.swift in Sources */ = {isa = PBXBuildFile; fileRef = E9047BF02970808D000B1885 /* ProductRepository.swift */; };
		E9047BF5297080B6000B1885 /* ProductRepositoryProtocol.swift in Sources */ = {isa = PBXBuildFile; fileRef = E9047BF4297080B6000B1885 /* ProductRepositoryProtocol.swift */; };
		E9047BFA29708A5F000B1885 /* ProductDaoStoreProtocol.swift in Sources */ = {isa = PBXBuildFile; fileRef = E9047BF929708A5F000B1885 /* ProductDaoStoreProtocol.swift */; };
		E9047BFC29708C72000B1885 /* ProductDaoStore.swift in Sources */ = {isa = PBXBuildFile; fileRef = E9047BFB29708C72000B1885 /* ProductDaoStore.swift */; };
		E9047BFF29709A4D000B1885 /* LocaleStoreTests.swift in Sources */ = {isa = PBXBuildFile; fileRef = E9047BFE29709A4D000B1885 /* LocaleStoreTests.swift */; };
		E9047C022970B8C6000B1885 /* CoreData+.swift in Sources */ = {isa = PBXBuildFile; fileRef = E9047C012970B8C6000B1885 /* CoreData+.swift */; };
		E9063F1C2972F3E400AE42DD /* ProductModel.swift in Sources */ = {isa = PBXBuildFile; fileRef = E9063F1B2972F3E400AE42DD /* ProductModel.swift */; };
		E9063F1F2972FFEA00AE42DD /* HomeViewController+UI.swift in Sources */ = {isa = PBXBuildFile; fileRef = E9063F1E2972FFEA00AE42DD /* HomeViewController+UI.swift */; };
		E9063F212973067000AE42DD /* ViewLayoutProvider.swift in Sources */ = {isa = PBXBuildFile; fileRef = E9063F202973067000AE42DD /* ViewLayoutProvider.swift */; };
		E9063F23297306A500AE42DD /* SectionViewModel.swift in Sources */ = {isa = PBXBuildFile; fileRef = E9063F22297306A500AE42DD /* SectionViewModel.swift */; };
		E9063F2629732EA400AE42DD /* ProductListViewModelState.swift in Sources */ = {isa = PBXBuildFile; fileRef = E9063F2529732EA400AE42DD /* ProductListViewModelState.swift */; };
		E9063F282973319100AE42DD /* ReusableSectionView.swift in Sources */ = {isa = PBXBuildFile; fileRef = E9063F272973319100AE42DD /* ReusableSectionView.swift */; };
		E98C99162970D48100439B3D /* RemoteStoreTests.swift in Sources */ = {isa = PBXBuildFile; fileRef = E98C99152970D48100439B3D /* RemoteStoreTests.swift */; };
		E98C99192970E8A700439B3D /* ProductRepositoryTests.swift in Sources */ = {isa = PBXBuildFile; fileRef = E98C99182970E8A700439B3D /* ProductRepositoryTests.swift */; };
		E9957C4C2973F4680008437E /* ProductUseCases.swift in Sources */ = {isa = PBXBuildFile; fileRef = E9957C4B2973F4680008437E /* ProductUseCases.swift */; };
		E9957C4E2973F8B50008437E /* UIViewController+Alert.swift in Sources */ = {isa = PBXBuildFile; fileRef = E9957C4D2973F8B50008437E /* UIViewController+Alert.swift */; };
		E9B5A5B32971704600DCFF0A /* HomeViewModel.swift in Sources */ = {isa = PBXBuildFile; fileRef = E9B5A5B22971704600DCFF0A /* HomeViewModel.swift */; };
		E9B5A5BA2971747F00DCFF0A /* ProductCollectionViewCell.swift in Sources */ = {isa = PBXBuildFile; fileRef = E9B5A5B92971747F00DCFF0A /* ProductCollectionViewCell.swift */; };
		E9B5A5BD2971757B00DCFF0A /* UIView+Constraints.swift in Sources */ = {isa = PBXBuildFile; fileRef = E9B5A5BC2971757B00DCFF0A /* UIView+Constraints.swift */; };
		E9B5A5C0297178E700DCFF0A /* ViewModelFactory.swift in Sources */ = {isa = PBXBuildFile; fileRef = E9B5A5BF297178E700DCFF0A /* ViewModelFactory.swift */; };
		E9B5A5C229717C7900DCFF0A /* UIImageView+Loader.swift in Sources */ = {isa = PBXBuildFile; fileRef = E9B5A5C129717C7900DCFF0A /* UIImageView+Loader.swift */; };
		E9EA5F8F2972C211002625EE /* HomeViewModelTests.swift in Sources */ = {isa = PBXBuildFile; fileRef = E9EA5F8E2972C211002625EE /* HomeViewModelTests.swift */; };
		E9EA5F912972C809002625EE /* readme.md in Resources */ = {isa = PBXBuildFile; fileRef = E9EA5F902972C809002625EE /* readme.md */; };
/* End PBXBuildFile section */

/* Begin PBXContainerItemProxy section */
		E9047B9F2970519A000B1885 /* PBXContainerItemProxy */ = {
			isa = PBXContainerItemProxy;
			containerPortal = E9047B7B29705197000B1885 /* Project object */;
			proxyType = 1;
			remoteGlobalIDString = E9047B8229705197000B1885;
			remoteInfo = BeautyPhora;
		};
/* End PBXContainerItemProxy section */

/* Begin PBXFileReference section */
		079CEE34382B684F4FE4BBE8 /* Pods-BeautyPhora.release.xcconfig */ = {isa = PBXFileReference; includeInIndex = 1; lastKnownFileType = text.xcconfig; name = "Pods-BeautyPhora.release.xcconfig"; path = "Target Support Files/Pods-BeautyPhora/Pods-BeautyPhora.release.xcconfig"; sourceTree = "<group>"; };
		1034F55851ADD13D744377AA /* Pods-BeautyPhora-BeautyPhoraUITests.release.xcconfig */ = {isa = PBXFileReference; includeInIndex = 1; lastKnownFileType = text.xcconfig; name = "Pods-BeautyPhora-BeautyPhoraUITests.release.xcconfig"; path = "Target Support Files/Pods-BeautyPhora-BeautyPhoraUITests/Pods-BeautyPhora-BeautyPhoraUITests.release.xcconfig"; sourceTree = "<group>"; };
		2870451DE4D4C8B97765941A /* Pods-BeautyPhoraTests.debug.xcconfig */ = {isa = PBXFileReference; includeInIndex = 1; lastKnownFileType = text.xcconfig; name = "Pods-BeautyPhoraTests.debug.xcconfig"; path = "Target Support Files/Pods-BeautyPhoraTests/Pods-BeautyPhoraTests.debug.xcconfig"; sourceTree = "<group>"; };
		5BA57967D20AFAEC622A21F3 /* Pods_BeautyPhoraTests.framework */ = {isa = PBXFileReference; explicitFileType = wrapper.framework; includeInIndex = 0; path = Pods_BeautyPhoraTests.framework; sourceTree = BUILT_PRODUCTS_DIR; };
		60AB9F1CD7DE3875D6518750 /* Pods-BeautyPhora-BeautyPhoraUITests.debug.xcconfig */ = {isa = PBXFileReference; includeInIndex = 1; lastKnownFileType = text.xcconfig; name = "Pods-BeautyPhora-BeautyPhoraUITests.debug.xcconfig"; path = "Target Support Files/Pods-BeautyPhora-BeautyPhoraUITests/Pods-BeautyPhora-BeautyPhoraUITests.debug.xcconfig"; sourceTree = "<group>"; };
		72D37C57616497545322A498 /* Pods_BeautyPhora_BeautyPhoraUITests.framework */ = {isa = PBXFileReference; explicitFileType = wrapper.framework; includeInIndex = 0; path = Pods_BeautyPhora_BeautyPhoraUITests.framework; sourceTree = BUILT_PRODUCTS_DIR; };
		730E0F285DF32F1CD85AB167 /* Pods-BeautyPhora.debug.xcconfig */ = {isa = PBXFileReference; includeInIndex = 1; lastKnownFileType = text.xcconfig; name = "Pods-BeautyPhora.debug.xcconfig"; path = "Target Support Files/Pods-BeautyPhora/Pods-BeautyPhora.debug.xcconfig"; sourceTree = "<group>"; };
		87110A6F781D8A15C2E51913 /* Pods_BeautyPhora.framework */ = {isa = PBXFileReference; explicitFileType = wrapper.framework; includeInIndex = 0; path = Pods_BeautyPhora.framework; sourceTree = BUILT_PRODUCTS_DIR; };
		DB1805E536EF40F6F5924D1A /* Pods-BeautyPhoraTests.release.xcconfig */ = {isa = PBXFileReference; includeInIndex = 1; lastKnownFileType = text.xcconfig; name = "Pods-BeautyPhoraTests.release.xcconfig"; path = "Target Support Files/Pods-BeautyPhoraTests/Pods-BeautyPhoraTests.release.xcconfig"; sourceTree = "<group>"; };
		E9047B8329705197000B1885 /* BeautyPhora.app */ = {isa = PBXFileReference; explicitFileType = wrapper.application; includeInIndex = 0; path = BeautyPhora.app; sourceTree = BUILT_PRODUCTS_DIR; };
		E9047B8E29705197000B1885 /* BeautyPhora.xcdatamodel */ = {isa = PBXFileReference; lastKnownFileType = wrapper.xcdatamodel; path = BeautyPhora.xcdatamodel; sourceTree = "<group>"; };
		E9047B942970519A000B1885 /* Assets.xcassets */ = {isa = PBXFileReference; lastKnownFileType = folder.assetcatalog; path = Assets.xcassets; sourceTree = "<group>"; };
		E9047B962970519A000B1885 /* BeautyPhora.entitlements */ = {isa = PBXFileReference; lastKnownFileType = text.plist.entitlements; path = BeautyPhora.entitlements; sourceTree = "<group>"; };
		E9047B982970519A000B1885 /* Preview Assets.xcassets */ = {isa = PBXFileReference; lastKnownFileType = folder.assetcatalog; path = "Preview Assets.xcassets"; sourceTree = "<group>"; };
		E9047B9E2970519A000B1885 /* BeautyPhoraTests.xctest */ = {isa = PBXFileReference; explicitFileType = wrapper.cfbundle; includeInIndex = 0; path = BeautyPhoraTests.xctest; sourceTree = BUILT_PRODUCTS_DIR; };
		E9047BBB29705282000B1885 /* AppDelegate.swift */ = {isa = PBXFileReference; lastKnownFileType = sourcecode.swift; path = AppDelegate.swift; sourceTree = "<group>"; };
		E9047BBD29705297000B1885 /* SceneDelegate.swift */ = {isa = PBXFileReference; lastKnownFileType = sourcecode.swift; path = SceneDelegate.swift; sourceTree = "<group>"; };
		E9047BC0297052B5000B1885 /* HomeViewController.swift */ = {isa = PBXFileReference; lastKnownFileType = sourcecode.swift; path = HomeViewController.swift; sourceTree = "<group>"; };
		E9047BC429705D50000B1885 /* Info.plist */ = {isa = PBXFileReference; lastKnownFileType = text.plist; path = Info.plist; sourceTree = "<group>"; };
		E9047BCB29705DF8000B1885 /* DataServiceProviderProtocol.swift */ = {isa = PBXFileReference; lastKnownFileType = sourcecode.swift; path = DataServiceProviderProtocol.swift; sourceTree = "<group>"; };
		E9047BCD29705E17000B1885 /* NetworkProviderProtocol.swift */ = {isa = PBXFileReference; lastKnownFileType = sourcecode.swift; path = NetworkProviderProtocol.swift; sourceTree = "<group>"; };
		E9047BCF29705EB1000B1885 /* APIProvider.swift */ = {isa = PBXFileReference; lastKnownFileType = sourcecode.swift; path = APIProvider.swift; sourceTree = "<group>"; };
		E9047BD12970654A000B1885 /* Requester.swift */ = {isa = PBXFileReference; lastKnownFileType = sourcecode.swift; path = Requester.swift; sourceTree = "<group>"; };
		E9047BD32970656A000B1885 /* Endpoint.swift */ = {isa = PBXFileReference; lastKnownFileType = sourcecode.swift; path = Endpoint.swift; sourceTree = "<group>"; };
		E9047BD62970660E000B1885 /* ProductDTO.swift */ = {isa = PBXFileReference; lastKnownFileType = sourcecode.swift; path = ProductDTO.swift; sourceTree = "<group>"; };
		E9047BD9297068B3000B1885 /* RequesterTests.swift */ = {isa = PBXFileReference; lastKnownFileType = sourcecode.swift; path = RequesterTests.swift; sourceTree = "<group>"; };
		E9047BDC2970699D000B1885 /* StubsProvider.swift */ = {isa = PBXFileReference; lastKnownFileType = sourcecode.swift; path = StubsProvider.swift; sourceTree = "<group>"; };
		E9047BDF29706B3A000B1885 /* ProductProtocol.swift */ = {isa = PBXFileReference; lastKnownFileType = sourcecode.swift; path = ProductProtocol.swift; sourceTree = "<group>"; };
		E9047BE129706BE1000B1885 /* BrandDTO.swift */ = {isa = PBXFileReference; lastKnownFileType = sourcecode.swift; path = BrandDTO.swift; sourceTree = "<group>"; };
		E9047BE329706C05000B1885 /* ImagesURLDTO.swift */ = {isa = PBXFileReference; lastKnownFileType = sourcecode.swift; path = ImagesURLDTO.swift; sourceTree = "<group>"; };
		E9047BE529706F0B000B1885 /* MockURLProtocol.swift */ = {isa = PBXFileReference; lastKnownFileType = sourcecode.swift; path = MockURLProtocol.swift; sourceTree = "<group>"; };
		E9047BEA29707DC3000B1885 /* ProductRemoteStore.swift */ = {isa = PBXFileReference; lastKnownFileType = sourcecode.swift; path = ProductRemoteStore.swift; sourceTree = "<group>"; };
		E9047BEC29707DD1000B1885 /* ProductRemoteStoreProtocol.swift */ = {isa = PBXFileReference; lastKnownFileType = sourcecode.swift; path = ProductRemoteStoreProtocol.swift; sourceTree = "<group>"; };
		E9047BF02970808D000B1885 /* ProductRepository.swift */ = {isa = PBXFileReference; lastKnownFileType = sourcecode.swift; path = ProductRepository.swift; sourceTree = "<group>"; };
		E9047BF4297080B6000B1885 /* ProductRepositoryProtocol.swift */ = {isa = PBXFileReference; lastKnownFileType = sourcecode.swift; path = ProductRepositoryProtocol.swift; sourceTree = "<group>"; };
		E9047BF929708A5F000B1885 /* ProductDaoStoreProtocol.swift */ = {isa = PBXFileReference; lastKnownFileType = sourcecode.swift; path = ProductDaoStoreProtocol.swift; sourceTree = "<group>"; };
		E9047BFB29708C72000B1885 /* ProductDaoStore.swift */ = {isa = PBXFileReference; lastKnownFileType = sourcecode.swift; path = ProductDaoStore.swift; sourceTree = "<group>"; };
		E9047BFE29709A4D000B1885 /* LocaleStoreTests.swift */ = {isa = PBXFileReference; lastKnownFileType = sourcecode.swift; path = LocaleStoreTests.swift; sourceTree = "<group>"; };
		E9047C012970B8C6000B1885 /* CoreData+.swift */ = {isa = PBXFileReference; lastKnownFileType = sourcecode.swift; path = "CoreData+.swift"; sourceTree = "<group>"; };
		E9063F1B2972F3E400AE42DD /* ProductModel.swift */ = {isa = PBXFileReference; lastKnownFileType = sourcecode.swift; path = ProductModel.swift; sourceTree = "<group>"; };
		E9063F1E2972FFEA00AE42DD /* HomeViewController+UI.swift */ = {isa = PBXFileReference; lastKnownFileType = sourcecode.swift; path = "HomeViewController+UI.swift"; sourceTree = "<group>"; };
		E9063F202973067000AE42DD /* ViewLayoutProvider.swift */ = {isa = PBXFileReference; lastKnownFileType = sourcecode.swift; path = ViewLayoutProvider.swift; sourceTree = "<group>"; };
		E9063F22297306A500AE42DD /* SectionViewModel.swift */ = {isa = PBXFileReference; lastKnownFileType = sourcecode.swift; path = SectionViewModel.swift; sourceTree = "<group>"; };
		E9063F2529732EA400AE42DD /* ProductListViewModelState.swift */ = {isa = PBXFileReference; lastKnownFileType = sourcecode.swift; path = ProductListViewModelState.swift; sourceTree = "<group>"; };
		E9063F272973319100AE42DD /* ReusableSectionView.swift */ = {isa = PBXFileReference; lastKnownFileType = sourcecode.swift; path = ReusableSectionView.swift; sourceTree = "<group>"; };
		E98C99152970D48100439B3D /* RemoteStoreTests.swift */ = {isa = PBXFileReference; lastKnownFileType = sourcecode.swift; path = RemoteStoreTests.swift; sourceTree = "<group>"; };
		E98C99182970E8A700439B3D /* ProductRepositoryTests.swift */ = {isa = PBXFileReference; lastKnownFileType = sourcecode.swift; path = ProductRepositoryTests.swift; sourceTree = "<group>"; };
		E9957C4B2973F4680008437E /* ProductUseCases.swift */ = {isa = PBXFileReference; lastKnownFileType = sourcecode.swift; path = ProductUseCases.swift; sourceTree = "<group>"; };
		E9957C4D2973F8B50008437E /* UIViewController+Alert.swift */ = {isa = PBXFileReference; lastKnownFileType = sourcecode.swift; path = "UIViewController+Alert.swift"; sourceTree = "<group>"; };
		E9B5A5AF29716B4700DCFF0A /* BeautyPhora 2.xcdatamodel */ = {isa = PBXFileReference; lastKnownFileType = wrapper.xcdatamodel; path = "BeautyPhora 2.xcdatamodel"; sourceTree = "<group>"; };
		E9B5A5B029716E7300DCFF0A /* BeautyPhora 3.xcdatamodel */ = {isa = PBXFileReference; lastKnownFileType = wrapper.xcdatamodel; path = "BeautyPhora 3.xcdatamodel"; sourceTree = "<group>"; };
		E9B5A5B22971704600DCFF0A /* HomeViewModel.swift */ = {isa = PBXFileReference; lastKnownFileType = sourcecode.swift; path = HomeViewModel.swift; sourceTree = "<group>"; };
		E9B5A5B92971747F00DCFF0A /* ProductCollectionViewCell.swift */ = {isa = PBXFileReference; lastKnownFileType = sourcecode.swift; path = ProductCollectionViewCell.swift; sourceTree = "<group>"; };
		E9B5A5BC2971757B00DCFF0A /* UIView+Constraints.swift */ = {isa = PBXFileReference; lastKnownFileType = sourcecode.swift; path = "UIView+Constraints.swift"; sourceTree = "<group>"; };
		E9B5A5BF297178E700DCFF0A /* ViewModelFactory.swift */ = {isa = PBXFileReference; lastKnownFileType = sourcecode.swift; path = ViewModelFactory.swift; sourceTree = "<group>"; };
		E9B5A5C129717C7900DCFF0A /* UIImageView+Loader.swift */ = {isa = PBXFileReference; lastKnownFileType = sourcecode.swift; path = "UIImageView+Loader.swift"; sourceTree = "<group>"; };
		E9B5A5C329717E0700DCFF0A /* BeautyPhora 4.xcdatamodel */ = {isa = PBXFileReference; lastKnownFileType = wrapper.xcdatamodel; path = "BeautyPhora 4.xcdatamodel"; sourceTree = "<group>"; };
		E9EA5F8E2972C211002625EE /* HomeViewModelTests.swift */ = {isa = PBXFileReference; lastKnownFileType = sourcecode.swift; path = HomeViewModelTests.swift; sourceTree = "<group>"; };
		E9EA5F902972C809002625EE /* readme.md */ = {isa = PBXFileReference; lastKnownFileType = net.daringfireball.markdown; path = readme.md; sourceTree = "<group>"; };
/* End PBXFileReference section */

/* Begin PBXFrameworksBuildPhase section */
		E9047B8029705197000B1885 /* Frameworks */ = {
			isa = PBXFrameworksBuildPhase;
			buildActionMask = 2147483647;
			files = (
				0ED7DCFA56C80D1E7B3D663D /* Pods_BeautyPhora.framework in Frameworks */,
			);
			runOnlyForDeploymentPostprocessing = 0;
		};
		E9047B9B2970519A000B1885 /* Frameworks */ = {
			isa = PBXFrameworksBuildPhase;
			buildActionMask = 2147483647;
			files = (
				7CD9F6F6FE5A5AB3D554AFDB /* Pods_BeautyPhoraTests.framework in Frameworks */,
			);
			runOnlyForDeploymentPostprocessing = 0;
		};
/* End PBXFrameworksBuildPhase section */

/* Begin PBXGroup section */
		1A339528DA177A025E5D8CA4 /* Pods */ = {
			isa = PBXGroup;
			children = (
				730E0F285DF32F1CD85AB167 /* Pods-BeautyPhora.debug.xcconfig */,
				079CEE34382B684F4FE4BBE8 /* Pods-BeautyPhora.release.xcconfig */,
				60AB9F1CD7DE3875D6518750 /* Pods-BeautyPhora-BeautyPhoraUITests.debug.xcconfig */,
				1034F55851ADD13D744377AA /* Pods-BeautyPhora-BeautyPhoraUITests.release.xcconfig */,
				2870451DE4D4C8B97765941A /* Pods-BeautyPhoraTests.debug.xcconfig */,
				DB1805E536EF40F6F5924D1A /* Pods-BeautyPhoraTests.release.xcconfig */,
			);
			path = Pods;
			sourceTree = "<group>";
		};
		2CCEA26AC31C17B73B082FE1 /* Frameworks */ = {
			isa = PBXGroup;
			children = (
				87110A6F781D8A15C2E51913 /* Pods_BeautyPhora.framework */,
				72D37C57616497545322A498 /* Pods_BeautyPhora_BeautyPhoraUITests.framework */,
				5BA57967D20AFAEC622A21F3 /* Pods_BeautyPhoraTests.framework */,
			);
			name = Frameworks;
			sourceTree = "<group>";
		};
		E9047B7A29705197000B1885 = {
			isa = PBXGroup;
			children = (
				E9EA5F902972C809002625EE /* readme.md */,
				E9047B8529705197000B1885 /* BeautyPhora */,
				E9047BA12970519A000B1885 /* BeautyPhoraTests */,
				E9047B8429705197000B1885 /* Products */,
				1A339528DA177A025E5D8CA4 /* Pods */,
				2CCEA26AC31C17B73B082FE1 /* Frameworks */,
			);
			sourceTree = "<group>";
		};
		E9047B8429705197000B1885 /* Products */ = {
			isa = PBXGroup;
			children = (
				E9047B8329705197000B1885 /* BeautyPhora.app */,
				E9047B9E2970519A000B1885 /* BeautyPhoraTests.xctest */,
			);
			name = Products;
			sourceTree = "<group>";
		};
		E9047B8529705197000B1885 /* BeautyPhora */ = {
			isa = PBXGroup;
			children = (
				E9047B962970519A000B1885 /* BeautyPhora.entitlements */,
				E9047BC429705D50000B1885 /* Info.plist */,
				E9B5A5BB2971757000DCFF0A /* Extensions */,
				E9047B8629705197000B1885 /* Application */,
				E9047BC829705DD5000B1885 /* Domain */,
				E9047B8929705197000B1885 /* Data */,
				E9047B9029705197000B1885 /* Presentation */,
				E9047B932970519A000B1885 /* Resources */,
				E9047B972970519A000B1885 /* Preview Content */,
			);
			path = BeautyPhora;
			sourceTree = "<group>";
		};
		E9047B8629705197000B1885 /* Application */ = {
			isa = PBXGroup;
			children = (
				E9B5A5BE297178DE00DCFF0A /* Factory */,
				E9047BBD29705297000B1885 /* SceneDelegate.swift */,
				E9047BBB29705282000B1885 /* AppDelegate.swift */,
			);
			path = Application;
			sourceTree = "<group>";
		};
		E9047B8929705197000B1885 /* Data */ = {
			isa = PBXGroup;
			children = (
				E9047BEF29708080000B1885 /* Repository */,
				E9047BC629705DAA000B1885 /* LocalStore */,
				E9047BC529705DA3000B1885 /* RemoteStore */,
			);
			path = Data;
			sourceTree = "<group>";
		};
		E9047B8C29705197000B1885 /* Database */ = {
			isa = PBXGroup;
			children = (
				E9047B8D29705197000B1885 /* BeautyPhora.xcdatamodeld */,
			);
			path = Database;
			sourceTree = "<group>";
		};
		E9047B9029705197000B1885 /* Presentation */ = {
			isa = PBXGroup;
			children = (
				E9047BBF297052A6000B1885 /* Home */,
			);
			path = Presentation;
			sourceTree = "<group>";
		};
		E9047B932970519A000B1885 /* Resources */ = {
			isa = PBXGroup;
			children = (
				E9047B942970519A000B1885 /* Assets.xcassets */,
			);
			path = Resources;
			sourceTree = "<group>";
		};
		E9047B972970519A000B1885 /* Preview Content */ = {
			isa = PBXGroup;
			children = (
				E9047B982970519A000B1885 /* Preview Assets.xcassets */,
			);
			path = "Preview Content";
			sourceTree = "<group>";
		};
		E9047BA12970519A000B1885 /* BeautyPhoraTests */ = {
			isa = PBXGroup;
			children = (
				E9EA5F8D2972C1FC002625EE /* PresentationTests */,
				E9047BD82970684E000B1885 /* DataTests */,
			);
			path = BeautyPhoraTests;
			sourceTree = "<group>";
		};
		E9047BBF297052A6000B1885 /* Home */ = {
			isa = PBXGroup;
			children = (
				E9063F1D2972FFD900AE42DD /* Shared */,
				E9063F1A2972F3D600AE42DD /* Model */,
				E9B5A5B82971746B00DCFF0A /* Components */,
				E9B5A5B129716F9100DCFF0A /* ViewModel */,
				E9047BC2297052B8000B1885 /* View */,
			);
			path = Home;
			sourceTree = "<group>";
		};
		E9047BC2297052B8000B1885 /* View */ = {
			isa = PBXGroup;
			children = (
				E9047BC0297052B5000B1885 /* HomeViewController.swift */,
			);
			path = View;
			sourceTree = "<group>";
		};
		E9047BC529705DA3000B1885 /* RemoteStore */ = {
			isa = PBXGroup;
			children = (
				E9047BD5297065EB000B1885 /* Models */,
				E9047BEE29708078000B1885 /* Store */,
				E9047BC729705DB6000B1885 /* Network */,
			);
			path = RemoteStore;
			sourceTree = "<group>";
		};
		E9047BC629705DAA000B1885 /* LocalStore */ = {
			isa = PBXGroup;
			children = (
				E9047C002970B8BD000B1885 /* Shared */,
				E9047B8C29705197000B1885 /* Database */,
				E9047BFB29708C72000B1885 /* ProductDaoStore.swift */,
			);
			path = LocalStore;
			sourceTree = "<group>";
		};
		E9047BC729705DB6000B1885 /* Network */ = {
			isa = PBXGroup;
			children = (
				E9047BCF29705EB1000B1885 /* APIProvider.swift */,
				E9047BD12970654A000B1885 /* Requester.swift */,
				E9047BD32970656A000B1885 /* Endpoint.swift */,
			);
			path = Network;
			sourceTree = "<group>";
		};
		E9047BC829705DD5000B1885 /* Domain */ = {
			isa = PBXGroup;
			children = (
				E9957C4A2973F4460008437E /* UseCases */,
				E9047BF829708A4D000B1885 /* LocalStore */,
				E9063F2429731EF800AE42DD /* Repositories */,
				E9047BDE29706A5A000B1885 /* Entities */,
				E9047BC929705DDE000B1885 /* RemoteStore */,
			);
			path = Domain;
			sourceTree = "<group>";
		};
		E9047BC929705DDE000B1885 /* RemoteStore */ = {
			isa = PBXGroup;
			children = (
				E9047BF2297080A1000B1885 /* Store */,
				E9047BCA29705DE3000B1885 /* Network */,
			);
			path = RemoteStore;
			sourceTree = "<group>";
		};
		E9047BCA29705DE3000B1885 /* Network */ = {
			isa = PBXGroup;
			children = (
				E9047BCB29705DF8000B1885 /* DataServiceProviderProtocol.swift */,
				E9047BCD29705E17000B1885 /* NetworkProviderProtocol.swift */,
			);
			path = Network;
			sourceTree = "<group>";
		};
		E9047BD5297065EB000B1885 /* Models */ = {
			isa = PBXGroup;
			children = (
				E9047BD62970660E000B1885 /* ProductDTO.swift */,
				E9047BE129706BE1000B1885 /* BrandDTO.swift */,
				E9047BE329706C05000B1885 /* ImagesURLDTO.swift */,
			);
			path = Models;
			sourceTree = "<group>";
		};
		E9047BD82970684E000B1885 /* DataTests */ = {
			isa = PBXGroup;
			children = (
				E98C99172970E89900439B3D /* RepositoryTests */,
				E9047BFD29709A3B000B1885 /* LocaleStoreTests */,
				E9047BF6297081E2000B1885 /* RemoteStoreTests */,
				E9047BDB29706992000B1885 /* Mocks & Stubs */,
			);
			path = DataTests;
			sourceTree = "<group>";
		};
		E9047BDB29706992000B1885 /* Mocks & Stubs */ = {
			isa = PBXGroup;
			children = (
				E9047BDC2970699D000B1885 /* StubsProvider.swift */,
				E9047BE529706F0B000B1885 /* MockURLProtocol.swift */,
			);
			path = "Mocks & Stubs";
			sourceTree = "<group>";
		};
		E9047BDE29706A5A000B1885 /* Entities */ = {
			isa = PBXGroup;
			children = (
				E9047BDF29706B3A000B1885 /* ProductProtocol.swift */,
			);
			path = Entities;
			sourceTree = "<group>";
		};
		E9047BEE29708078000B1885 /* Store */ = {
			isa = PBXGroup;
			children = (
				E9047BEA29707DC3000B1885 /* ProductRemoteStore.swift */,
			);
			path = Store;
			sourceTree = "<group>";
		};
		E9047BEF29708080000B1885 /* Repository */ = {
			isa = PBXGroup;
			children = (
				E9047BF02970808D000B1885 /* ProductRepository.swift */,
			);
			path = Repository;
			sourceTree = "<group>";
		};
		E9047BF2297080A1000B1885 /* Store */ = {
			isa = PBXGroup;
			children = (
				E9047BEC29707DD1000B1885 /* ProductRemoteStoreProtocol.swift */,
			);
			path = Store;
			sourceTree = "<group>";
		};
		E9047BF6297081E2000B1885 /* RemoteStoreTests */ = {
			isa = PBXGroup;
			children = (
				E9047BD9297068B3000B1885 /* RequesterTests.swift */,
				E98C99152970D48100439B3D /* RemoteStoreTests.swift */,
			);
			path = RemoteStoreTests;
			sourceTree = "<group>";
		};
		E9047BF829708A4D000B1885 /* LocalStore */ = {
			isa = PBXGroup;
			children = (
				E9047BF929708A5F000B1885 /* ProductDaoStoreProtocol.swift */,
			);
			path = LocalStore;
			sourceTree = "<group>";
		};
		E9047BFD29709A3B000B1885 /* LocaleStoreTests */ = {
			isa = PBXGroup;
			children = (
				E9047BFE29709A4D000B1885 /* LocaleStoreTests.swift */,
			);
			path = LocaleStoreTests;
			sourceTree = "<group>";
		};
		E9047C002970B8BD000B1885 /* Shared */ = {
			isa = PBXGroup;
			children = (
				E9047C012970B8C6000B1885 /* CoreData+.swift */,
			);
			path = Shared;
			sourceTree = "<group>";
		};
		E9063F1A2972F3D600AE42DD /* Model */ = {
			isa = PBXGroup;
			children = (
				E9063F1B2972F3E400AE42DD /* ProductModel.swift */,
				E9063F22297306A500AE42DD /* SectionViewModel.swift */,
				E9063F2529732EA400AE42DD /* ProductListViewModelState.swift */,
			);
			path = Model;
			sourceTree = "<group>";
		};
		E9063F1D2972FFD900AE42DD /* Shared */ = {
			isa = PBXGroup;
			children = (
				E9063F1E2972FFEA00AE42DD /* HomeViewController+UI.swift */,
				E9957C4D2973F8B50008437E /* UIViewController+Alert.swift */,
			);
			path = Shared;
			sourceTree = "<group>";
		};
		E9063F2429731EF800AE42DD /* Repositories */ = {
			isa = PBXGroup;
			children = (
				E9047BF4297080B6000B1885 /* ProductRepositoryProtocol.swift */,
			);
			path = Repositories;
			sourceTree = "<group>";
		};
		E98C99172970E89900439B3D /* RepositoryTests */ = {
			isa = PBXGroup;
			children = (
				E98C99182970E8A700439B3D /* ProductRepositoryTests.swift */,
			);
			path = RepositoryTests;
			sourceTree = "<group>";
		};
		E9957C4A2973F4460008437E /* UseCases */ = {
			isa = PBXGroup;
			children = (
				E9957C4B2973F4680008437E /* ProductUseCases.swift */,
			);
			path = UseCases;
			sourceTree = "<group>";
		};
		E9B5A5B129716F9100DCFF0A /* ViewModel */ = {
			isa = PBXGroup;
			children = (
				E9B5A5B22971704600DCFF0A /* HomeViewModel.swift */,
			);
			path = ViewModel;
			sourceTree = "<group>";
		};
		E9B5A5B82971746B00DCFF0A /* Components */ = {
			isa = PBXGroup;
			children = (
				E9B5A5B92971747F00DCFF0A /* ProductCollectionViewCell.swift */,
				E9063F202973067000AE42DD /* ViewLayoutProvider.swift */,
				E9063F272973319100AE42DD /* ReusableSectionView.swift */,
			);
			path = Components;
			sourceTree = "<group>";
		};
		E9B5A5BB2971757000DCFF0A /* Extensions */ = {
			isa = PBXGroup;
			children = (
				E9B5A5BC2971757B00DCFF0A /* UIView+Constraints.swift */,
				E9B5A5C129717C7900DCFF0A /* UIImageView+Loader.swift */,
			);
			path = Extensions;
			sourceTree = "<group>";
		};
		E9B5A5BE297178DE00DCFF0A /* Factory */ = {
			isa = PBXGroup;
			children = (
				E9B5A5BF297178E700DCFF0A /* ViewModelFactory.swift */,
			);
			path = Factory;
			sourceTree = "<group>";
		};
		E9EA5F8D2972C1FC002625EE /* PresentationTests */ = {
			isa = PBXGroup;
			children = (
				E9EA5F8E2972C211002625EE /* HomeViewModelTests.swift */,
			);
			path = PresentationTests;
			sourceTree = "<group>";
		};
/* End PBXGroup section */

/* Begin PBXNativeTarget section */
		E9047B8229705197000B1885 /* BeautyPhora */ = {
			isa = PBXNativeTarget;
			buildConfigurationList = E9047BB22970519A000B1885 /* Build configuration list for PBXNativeTarget "BeautyPhora" */;
			buildPhases = (
				D22B88325931B57C1354111A /* [CP] Check Pods Manifest.lock */,
				E9047B7F29705197000B1885 /* Sources */,
				E9047B8029705197000B1885 /* Frameworks */,
				E9047B8129705197000B1885 /* Resources */,
				E9047BC329705398000B1885 /* ShellScript */,
				B45A421440E802A59D16D54B /* [CP] Embed Pods Frameworks */,
			);
			buildRules = (
			);
			dependencies = (
			);
			name = BeautyPhora;
			productName = BeautyPhora;
			productReference = E9047B8329705197000B1885 /* BeautyPhora.app */;
			productType = "com.apple.product-type.application";
		};
		E9047B9D2970519A000B1885 /* BeautyPhoraTests */ = {
			isa = PBXNativeTarget;
			buildConfigurationList = E9047BB52970519A000B1885 /* Build configuration list for PBXNativeTarget "BeautyPhoraTests" */;
			buildPhases = (
				385E8AC0A1B6FEC551A8FA5D /* [CP] Check Pods Manifest.lock */,
				E9047B9A2970519A000B1885 /* Sources */,
				E9047B9B2970519A000B1885 /* Frameworks */,
				E9047B9C2970519A000B1885 /* Resources */,
				1168DC50DBA14D77870D401D /* [CP] Embed Pods Frameworks */,
			);
			buildRules = (
			);
			dependencies = (
				E9047BA02970519A000B1885 /* PBXTargetDependency */,
			);
			name = BeautyPhoraTests;
			productName = BeautyPhoraTests;
			productReference = E9047B9E2970519A000B1885 /* BeautyPhoraTests.xctest */;
			productType = "com.apple.product-type.bundle.unit-test";
		};
/* End PBXNativeTarget section */

/* Begin PBXProject section */
		E9047B7B29705197000B1885 /* Project object */ = {
			isa = PBXProject;
			attributes = {
				BuildIndependentTargetsInParallel = 1;
				LastSwiftUpdateCheck = 1420;
				LastUpgradeCheck = 1420;
				TargetAttributes = {
					E9047B8229705197000B1885 = {
						CreatedOnToolsVersion = 14.2;
					};
					E9047B9D2970519A000B1885 = {
						CreatedOnToolsVersion = 14.2;
						TestTargetID = E9047B8229705197000B1885;
					};
				};
			};
			buildConfigurationList = E9047B7E29705197000B1885 /* Build configuration list for PBXProject "BeautyPhora" */;
			compatibilityVersion = "Xcode 13.0";
			developmentRegion = en;
			hasScannedForEncodings = 0;
			knownRegions = (
				en,
				Base,
			);
			mainGroup = E9047B7A29705197000B1885;
			productRefGroup = E9047B8429705197000B1885 /* Products */;
			projectDirPath = "";
			projectRoot = "";
			targets = (
				E9047B8229705197000B1885 /* BeautyPhora */,
				E9047B9D2970519A000B1885 /* BeautyPhoraTests */,
			);
		};
/* End PBXProject section */

/* Begin PBXResourcesBuildPhase section */
		E9047B8129705197000B1885 /* Resources */ = {
			isa = PBXResourcesBuildPhase;
			buildActionMask = 2147483647;
			files = (
				E9047B992970519A000B1885 /* Preview Assets.xcassets in Resources */,
				E9047B952970519A000B1885 /* Assets.xcassets in Resources */,
			);
			runOnlyForDeploymentPostprocessing = 0;
		};
		E9047B9C2970519A000B1885 /* Resources */ = {
			isa = PBXResourcesBuildPhase;
			buildActionMask = 2147483647;
			files = (
				E9EA5F912972C809002625EE /* readme.md in Resources */,
			);
			runOnlyForDeploymentPostprocessing = 0;
		};
/* End PBXResourcesBuildPhase section */

/* Begin PBXShellScriptBuildPhase section */
		1168DC50DBA14D77870D401D /* [CP] Embed Pods Frameworks */ = {
			isa = PBXShellScriptBuildPhase;
			buildActionMask = 2147483647;
			files = (
			);
			inputFileListPaths = (
				"${PODS_ROOT}/Target Support Files/Pods-BeautyPhoraTests/Pods-BeautyPhoraTests-frameworks-${CONFIGURATION}-input-files.xcfilelist",
			);
			name = "[CP] Embed Pods Frameworks";
			outputFileListPaths = (
				"${PODS_ROOT}/Target Support Files/Pods-BeautyPhoraTests/Pods-BeautyPhoraTests-frameworks-${CONFIGURATION}-output-files.xcfilelist",
			);
			runOnlyForDeploymentPostprocessing = 0;
			shellPath = /bin/sh;
			shellScript = "\"${PODS_ROOT}/Target Support Files/Pods-BeautyPhoraTests/Pods-BeautyPhoraTests-frameworks.sh\"\n";
			showEnvVarsInLog = 0;
		};
		385E8AC0A1B6FEC551A8FA5D /* [CP] Check Pods Manifest.lock */ = {
			isa = PBXShellScriptBuildPhase;
			buildActionMask = 2147483647;
			files = (
			);
			inputFileListPaths = (
			);
			inputPaths = (
				"${PODS_PODFILE_DIR_PATH}/Podfile.lock",
				"${PODS_ROOT}/Manifest.lock",
			);
			name = "[CP] Check Pods Manifest.lock";
			outputFileListPaths = (
			);
			outputPaths = (
				"$(DERIVED_FILE_DIR)/Pods-BeautyPhoraTests-checkManifestLockResult.txt",
			);
			runOnlyForDeploymentPostprocessing = 0;
			shellPath = /bin/sh;
			shellScript = "diff \"${PODS_PODFILE_DIR_PATH}/Podfile.lock\" \"${PODS_ROOT}/Manifest.lock\" > /dev/null\nif [ $? != 0 ] ; then\n    # print error to STDERR\n    echo \"error: The sandbox is not in sync with the Podfile.lock. Run 'pod install' or update your CocoaPods installation.\" >&2\n    exit 1\nfi\n# This output is used by Xcode 'outputs' to avoid re-running this script phase.\necho \"SUCCESS\" > \"${SCRIPT_OUTPUT_FILE_0}\"\n";
			showEnvVarsInLog = 0;
		};
		B45A421440E802A59D16D54B /* [CP] Embed Pods Frameworks */ = {
			isa = PBXShellScriptBuildPhase;
			buildActionMask = 2147483647;
			files = (
			);
			inputFileListPaths = (
				"${PODS_ROOT}/Target Support Files/Pods-BeautyPhora/Pods-BeautyPhora-frameworks-${CONFIGURATION}-input-files.xcfilelist",
			);
			name = "[CP] Embed Pods Frameworks";
			outputFileListPaths = (
				"${PODS_ROOT}/Target Support Files/Pods-BeautyPhora/Pods-BeautyPhora-frameworks-${CONFIGURATION}-output-files.xcfilelist",
			);
			runOnlyForDeploymentPostprocessing = 0;
			shellPath = /bin/sh;
			shellScript = "\"${PODS_ROOT}/Target Support Files/Pods-BeautyPhora/Pods-BeautyPhora-frameworks.sh\"\n";
			showEnvVarsInLog = 0;
		};
		D22B88325931B57C1354111A /* [CP] Check Pods Manifest.lock */ = {
			isa = PBXShellScriptBuildPhase;
			buildActionMask = 2147483647;
			files = (
			);
			inputFileListPaths = (
			);
			inputPaths = (
				"${PODS_PODFILE_DIR_PATH}/Podfile.lock",
				"${PODS_ROOT}/Manifest.lock",
			);
			name = "[CP] Check Pods Manifest.lock";
			outputFileListPaths = (
			);
			outputPaths = (
				"$(DERIVED_FILE_DIR)/Pods-BeautyPhora-checkManifestLockResult.txt",
			);
			runOnlyForDeploymentPostprocessing = 0;
			shellPath = /bin/sh;
			shellScript = "diff \"${PODS_PODFILE_DIR_PATH}/Podfile.lock\" \"${PODS_ROOT}/Manifest.lock\" > /dev/null\nif [ $? != 0 ] ; then\n    # print error to STDERR\n    echo \"error: The sandbox is not in sync with the Podfile.lock. Run 'pod install' or update your CocoaPods installation.\" >&2\n    exit 1\nfi\n# This output is used by Xcode 'outputs' to avoid re-running this script phase.\necho \"SUCCESS\" > \"${SCRIPT_OUTPUT_FILE_0}\"\n";
			showEnvVarsInLog = 0;
		};
		E9047BC329705398000B1885 /* ShellScript */ = {
			isa = PBXShellScriptBuildPhase;
			buildActionMask = 2147483647;
			files = (
			);
			inputFileListPaths = (
			);
			inputPaths = (
			);
			outputFileListPaths = (
			);
			outputPaths = (
			);
			runOnlyForDeploymentPostprocessing = 0;
			shellPath = /bin/sh;
			shellScript = "# Type a script or drag a script file from your workspace to insert its path.\nif which swiftlint > /dev/null; then\n  swiftlint\nelse\n  echo \"warning: SwiftLint not installed, download from https://github.com/realm/SwiftLint\"\nfi\n";
		};
/* End PBXShellScriptBuildPhase section */

/* Begin PBXSourcesBuildPhase section */
		E9047B7F29705197000B1885 /* Sources */ = {
			isa = PBXSourcesBuildPhase;
			buildActionMask = 2147483647;
			files = (
				E9047BED29707DD1000B1885 /* ProductRemoteStoreProtocol.swift in Sources */,
				E9047B8F29705197000B1885 /* BeautyPhora.xcdatamodeld in Sources */,
				E9047BCE29705E17000B1885 /* NetworkProviderProtocol.swift in Sources */,
				E9063F282973319100AE42DD /* ReusableSectionView.swift in Sources */,
				E9047BCC29705DF8000B1885 /* DataServiceProviderProtocol.swift in Sources */,
				E9B5A5BA2971747F00DCFF0A /* ProductCollectionViewCell.swift in Sources */,
				E9063F23297306A500AE42DD /* SectionViewModel.swift in Sources */,
				E9047BE029706B3A000B1885 /* ProductProtocol.swift in Sources */,
				E9047BBC29705282000B1885 /* AppDelegate.swift in Sources */,
				E9047BFA29708A5F000B1885 /* ProductDaoStoreProtocol.swift in Sources */,
				E9047BFC29708C72000B1885 /* ProductDaoStore.swift in Sources */,
				E9B5A5C0297178E700DCFF0A /* ViewModelFactory.swift in Sources */,
				E9047BF5297080B6000B1885 /* ProductRepositoryProtocol.swift in Sources */,
				E9957C4C2973F4680008437E /* ProductUseCases.swift in Sources */,
				E9047BD029705EB1000B1885 /* APIProvider.swift in Sources */,
				E9957C4E2973F8B50008437E /* UIViewController+Alert.swift in Sources */,
				E9047BC1297052B5000B1885 /* HomeViewController.swift in Sources */,
				E9B5A5BD2971757B00DCFF0A /* UIView+Constraints.swift in Sources */,
				E9B5A5B32971704600DCFF0A /* HomeViewModel.swift in Sources */,
				E9047BD22970654A000B1885 /* Requester.swift in Sources */,
				E9047BE429706C05000B1885 /* ImagesURLDTO.swift in Sources */,
				E9047BD42970656A000B1885 /* Endpoint.swift in Sources */,
				E9063F1F2972FFEA00AE42DD /* HomeViewController+UI.swift in Sources */,
				E9047BBE29705297000B1885 /* SceneDelegate.swift in Sources */,
				E9063F1C2972F3E400AE42DD /* ProductModel.swift in Sources */,
				E9047BEB29707DC3000B1885 /* ProductRemoteStore.swift in Sources */,
				E9047BE229706BE1000B1885 /* BrandDTO.swift in Sources */,
				E9063F212973067000AE42DD /* ViewLayoutProvider.swift in Sources */,
				E9063F2629732EA400AE42DD /* ProductListViewModelState.swift in Sources */,
				E9B5A5C229717C7900DCFF0A /* UIImageView+Loader.swift in Sources */,
				E9047BF12970808D000B1885 /* ProductRepository.swift in Sources */,
				E9047C022970B8C6000B1885 /* CoreData+.swift in Sources */,
				E9047BD72970660E000B1885 /* ProductDTO.swift in Sources */,
			);
			runOnlyForDeploymentPostprocessing = 0;
		};
		E9047B9A2970519A000B1885 /* Sources */ = {
			isa = PBXSourcesBuildPhase;
			buildActionMask = 2147483647;
			files = (
				E9047BDD2970699D000B1885 /* StubsProvider.swift in Sources */,
				E9047BDA297068B3000B1885 /* RequesterTests.swift in Sources */,
				E9EA5F8F2972C211002625EE /* HomeViewModelTests.swift in Sources */,
				E98C99162970D48100439B3D /* RemoteStoreTests.swift in Sources */,
				E98C99192970E8A700439B3D /* ProductRepositoryTests.swift in Sources */,
				E9047BFF29709A4D000B1885 /* LocaleStoreTests.swift in Sources */,
				E9047BE629706F0B000B1885 /* MockURLProtocol.swift in Sources */,
			);
			runOnlyForDeploymentPostprocessing = 0;
		};
/* End PBXSourcesBuildPhase section */

/* Begin PBXTargetDependency section */
		E9047BA02970519A000B1885 /* PBXTargetDependency */ = {
			isa = PBXTargetDependency;
			target = E9047B8229705197000B1885 /* BeautyPhora */;
			targetProxy = E9047B9F2970519A000B1885 /* PBXContainerItemProxy */;
		};
/* End PBXTargetDependency section */

/* Begin XCBuildConfiguration section */
		E9047BB02970519A000B1885 /* Debug */ = {
			isa = XCBuildConfiguration;
			buildSettings = {
				ALWAYS_SEARCH_USER_PATHS = NO;
				CLANG_ANALYZER_NONNULL = YES;
				CLANG_ANALYZER_NUMBER_OBJECT_CONVERSION = YES_AGGRESSIVE;
				CLANG_CXX_LANGUAGE_STANDARD = "gnu++20";
				CLANG_ENABLE_MODULES = YES;
				CLANG_ENABLE_OBJC_ARC = YES;
				CLANG_ENABLE_OBJC_WEAK = YES;
				CLANG_WARN_BLOCK_CAPTURE_AUTORELEASING = YES;
				CLANG_WARN_BOOL_CONVERSION = YES;
				CLANG_WARN_COMMA = YES;
				CLANG_WARN_CONSTANT_CONVERSION = YES;
				CLANG_WARN_DEPRECATED_OBJC_IMPLEMENTATIONS = YES;
				CLANG_WARN_DIRECT_OBJC_ISA_USAGE = YES_ERROR;
				CLANG_WARN_DOCUMENTATION_COMMENTS = YES;
				CLANG_WARN_EMPTY_BODY = YES;
				CLANG_WARN_ENUM_CONVERSION = YES;
				CLANG_WARN_INFINITE_RECURSION = YES;
				CLANG_WARN_INT_CONVERSION = YES;
				CLANG_WARN_NON_LITERAL_NULL_CONVERSION = YES;
				CLANG_WARN_OBJC_IMPLICIT_RETAIN_SELF = YES;
				CLANG_WARN_OBJC_LITERAL_CONVERSION = YES;
				CLANG_WARN_OBJC_ROOT_CLASS = YES_ERROR;
				CLANG_WARN_QUOTED_INCLUDE_IN_FRAMEWORK_HEADER = YES;
				CLANG_WARN_RANGE_LOOP_ANALYSIS = YES;
				CLANG_WARN_STRICT_PROTOTYPES = YES;
				CLANG_WARN_SUSPICIOUS_MOVE = YES;
				CLANG_WARN_UNGUARDED_AVAILABILITY = YES_AGGRESSIVE;
				CLANG_WARN_UNREACHABLE_CODE = YES;
				CLANG_WARN__DUPLICATE_METHOD_MATCH = YES;
				COPY_PHASE_STRIP = NO;
				DEBUG_INFORMATION_FORMAT = dwarf;
				ENABLE_STRICT_OBJC_MSGSEND = YES;
				ENABLE_TESTABILITY = YES;
				GCC_C_LANGUAGE_STANDARD = gnu11;
				GCC_DYNAMIC_NO_PIC = NO;
				GCC_NO_COMMON_BLOCKS = YES;
				GCC_OPTIMIZATION_LEVEL = 0;
				GCC_PREPROCESSOR_DEFINITIONS = (
					"DEBUG=1",
					"$(inherited)",
				);
				GCC_WARN_64_TO_32_BIT_CONVERSION = YES;
				GCC_WARN_ABOUT_RETURN_TYPE = YES_ERROR;
				GCC_WARN_UNDECLARED_SELECTOR = YES;
				GCC_WARN_UNINITIALIZED_AUTOS = YES_AGGRESSIVE;
				GCC_WARN_UNUSED_FUNCTION = YES;
				GCC_WARN_UNUSED_VARIABLE = YES;
				MTL_ENABLE_DEBUG_INFO = INCLUDE_SOURCE;
				MTL_FAST_MATH = YES;
				ONLY_ACTIVE_ARCH = YES;
				SWIFT_ACTIVE_COMPILATION_CONDITIONS = DEBUG;
				SWIFT_OPTIMIZATION_LEVEL = "-Onone";
			};
			name = Debug;
		};
		E9047BB12970519A000B1885 /* Release */ = {
			isa = XCBuildConfiguration;
			buildSettings = {
				ALWAYS_SEARCH_USER_PATHS = NO;
				CLANG_ANALYZER_NONNULL = YES;
				CLANG_ANALYZER_NUMBER_OBJECT_CONVERSION = YES_AGGRESSIVE;
				CLANG_CXX_LANGUAGE_STANDARD = "gnu++20";
				CLANG_ENABLE_MODULES = YES;
				CLANG_ENABLE_OBJC_ARC = YES;
				CLANG_ENABLE_OBJC_WEAK = YES;
				CLANG_WARN_BLOCK_CAPTURE_AUTORELEASING = YES;
				CLANG_WARN_BOOL_CONVERSION = YES;
				CLANG_WARN_COMMA = YES;
				CLANG_WARN_CONSTANT_CONVERSION = YES;
				CLANG_WARN_DEPRECATED_OBJC_IMPLEMENTATIONS = YES;
				CLANG_WARN_DIRECT_OBJC_ISA_USAGE = YES_ERROR;
				CLANG_WARN_DOCUMENTATION_COMMENTS = YES;
				CLANG_WARN_EMPTY_BODY = YES;
				CLANG_WARN_ENUM_CONVERSION = YES;
				CLANG_WARN_INFINITE_RECURSION = YES;
				CLANG_WARN_INT_CONVERSION = YES;
				CLANG_WARN_NON_LITERAL_NULL_CONVERSION = YES;
				CLANG_WARN_OBJC_IMPLICIT_RETAIN_SELF = YES;
				CLANG_WARN_OBJC_LITERAL_CONVERSION = YES;
				CLANG_WARN_OBJC_ROOT_CLASS = YES_ERROR;
				CLANG_WARN_QUOTED_INCLUDE_IN_FRAMEWORK_HEADER = YES;
				CLANG_WARN_RANGE_LOOP_ANALYSIS = YES;
				CLANG_WARN_STRICT_PROTOTYPES = YES;
				CLANG_WARN_SUSPICIOUS_MOVE = YES;
				CLANG_WARN_UNGUARDED_AVAILABILITY = YES_AGGRESSIVE;
				CLANG_WARN_UNREACHABLE_CODE = YES;
				CLANG_WARN__DUPLICATE_METHOD_MATCH = YES;
				COPY_PHASE_STRIP = NO;
				DEBUG_INFORMATION_FORMAT = "dwarf-with-dsym";
				ENABLE_NS_ASSERTIONS = NO;
				ENABLE_STRICT_OBJC_MSGSEND = YES;
				GCC_C_LANGUAGE_STANDARD = gnu11;
				GCC_NO_COMMON_BLOCKS = YES;
				GCC_WARN_64_TO_32_BIT_CONVERSION = YES;
				GCC_WARN_ABOUT_RETURN_TYPE = YES_ERROR;
				GCC_WARN_UNDECLARED_SELECTOR = YES;
				GCC_WARN_UNINITIALIZED_AUTOS = YES_AGGRESSIVE;
				GCC_WARN_UNUSED_FUNCTION = YES;
				GCC_WARN_UNUSED_VARIABLE = YES;
				MTL_ENABLE_DEBUG_INFO = NO;
				MTL_FAST_MATH = YES;
				SWIFT_COMPILATION_MODE = wholemodule;
				SWIFT_OPTIMIZATION_LEVEL = "-O";
			};
			name = Release;
		};
		E9047BB32970519A000B1885 /* Debug */ = {
			isa = XCBuildConfiguration;
			baseConfigurationReference = 730E0F285DF32F1CD85AB167 /* Pods-BeautyPhora.debug.xcconfig */;
			buildSettings = {
				ASSETCATALOG_COMPILER_APPICON_NAME = AppIcon;
				ASSETCATALOG_COMPILER_GLOBAL_ACCENT_COLOR_NAME = AccentColor;
				CODE_SIGN_ENTITLEMENTS = BeautyPhora/BeautyPhora.entitlements;
				CODE_SIGN_STYLE = Automatic;
				CURRENT_PROJECT_VERSION = 1;
				DEVELOPMENT_ASSET_PATHS = "\"BeautyPhora/Preview Content\"";
				DEVELOPMENT_TEAM = 75K654T5D3;
				ENABLE_HARDENED_RUNTIME = YES;
				ENABLE_PREVIEWS = YES;
				GENERATE_INFOPLIST_FILE = YES;
				INFOPLIST_FILE = BeautyPhora/Info.plist;
				"INFOPLIST_KEY_UIApplicationSceneManifest_Generation[sdk=iphoneos*]" = YES;
				"INFOPLIST_KEY_UIApplicationSceneManifest_Generation[sdk=iphonesimulator*]" = YES;
				"INFOPLIST_KEY_UIApplicationSupportsIndirectInputEvents[sdk=iphoneos*]" = YES;
				"INFOPLIST_KEY_UIApplicationSupportsIndirectInputEvents[sdk=iphonesimulator*]" = YES;
				"INFOPLIST_KEY_UILaunchScreen_Generation[sdk=iphoneos*]" = YES;
				"INFOPLIST_KEY_UILaunchScreen_Generation[sdk=iphonesimulator*]" = YES;
				"INFOPLIST_KEY_UIStatusBarStyle[sdk=iphoneos*]" = UIStatusBarStyleDefault;
				"INFOPLIST_KEY_UIStatusBarStyle[sdk=iphonesimulator*]" = UIStatusBarStyleDefault;
				INFOPLIST_KEY_UISupportedInterfaceOrientations_iPad = "UIInterfaceOrientationPortrait UIInterfaceOrientationPortraitUpsideDown UIInterfaceOrientationLandscapeLeft UIInterfaceOrientationLandscapeRight";
				INFOPLIST_KEY_UISupportedInterfaceOrientations_iPhone = "UIInterfaceOrientationPortrait UIInterfaceOrientationLandscapeLeft UIInterfaceOrientationLandscapeRight";
				IPHONEOS_DEPLOYMENT_TARGET = 16.2;
				LD_RUNPATH_SEARCH_PATHS = "@executable_path/Frameworks";
				"LD_RUNPATH_SEARCH_PATHS[sdk=macosx*]" = "@executable_path/../Frameworks";
				MACOSX_DEPLOYMENT_TARGET = 13.1;
				MARKETING_VERSION = 1.0;
				PRODUCT_BUNDLE_IDENTIFIER = com.homework.BeautyPhora;
				PRODUCT_NAME = "$(TARGET_NAME)";
				SDKROOT = auto;
				SUPPORTED_PLATFORMS = "iphoneos iphonesimulator";
				SUPPORTS_MACCATALYST = NO;
				SUPPORTS_MAC_DESIGNED_FOR_IPHONE_IPAD = NO;
				SWIFT_EMIT_LOC_STRINGS = YES;
				SWIFT_VERSION = 5.0;
				TARGETED_DEVICE_FAMILY = "1,2";
			};
			name = Debug;
		};
		E9047BB42970519A000B1885 /* Release */ = {
			isa = XCBuildConfiguration;
			baseConfigurationReference = 079CEE34382B684F4FE4BBE8 /* Pods-BeautyPhora.release.xcconfig */;
			buildSettings = {
				ASSETCATALOG_COMPILER_APPICON_NAME = AppIcon;
				ASSETCATALOG_COMPILER_GLOBAL_ACCENT_COLOR_NAME = AccentColor;
				CODE_SIGN_ENTITLEMENTS = BeautyPhora/BeautyPhora.entitlements;
				CODE_SIGN_STYLE = Automatic;
				CURRENT_PROJECT_VERSION = 1;
				DEVELOPMENT_ASSET_PATHS = "\"BeautyPhora/Preview Content\"";
				DEVELOPMENT_TEAM = 75K654T5D3;
				ENABLE_HARDENED_RUNTIME = YES;
				ENABLE_PREVIEWS = YES;
				GENERATE_INFOPLIST_FILE = YES;
				INFOPLIST_FILE = BeautyPhora/Info.plist;
				"INFOPLIST_KEY_UIApplicationSceneManifest_Generation[sdk=iphoneos*]" = YES;
				"INFOPLIST_KEY_UIApplicationSceneManifest_Generation[sdk=iphonesimulator*]" = YES;
				"INFOPLIST_KEY_UIApplicationSupportsIndirectInputEvents[sdk=iphoneos*]" = YES;
				"INFOPLIST_KEY_UIApplicationSupportsIndirectInputEvents[sdk=iphonesimulator*]" = YES;
				"INFOPLIST_KEY_UILaunchScreen_Generation[sdk=iphoneos*]" = YES;
				"INFOPLIST_KEY_UILaunchScreen_Generation[sdk=iphonesimulator*]" = YES;
				"INFOPLIST_KEY_UIStatusBarStyle[sdk=iphoneos*]" = UIStatusBarStyleDefault;
				"INFOPLIST_KEY_UIStatusBarStyle[sdk=iphonesimulator*]" = UIStatusBarStyleDefault;
				INFOPLIST_KEY_UISupportedInterfaceOrientations_iPad = "UIInterfaceOrientationPortrait UIInterfaceOrientationPortraitUpsideDown UIInterfaceOrientationLandscapeLeft UIInterfaceOrientationLandscapeRight";
				INFOPLIST_KEY_UISupportedInterfaceOrientations_iPhone = "UIInterfaceOrientationPortrait UIInterfaceOrientationLandscapeLeft UIInterfaceOrientationLandscapeRight";
				IPHONEOS_DEPLOYMENT_TARGET = 16.2;
				LD_RUNPATH_SEARCH_PATHS = "@executable_path/Frameworks";
				"LD_RUNPATH_SEARCH_PATHS[sdk=macosx*]" = "@executable_path/../Frameworks";
				MACOSX_DEPLOYMENT_TARGET = 13.1;
				MARKETING_VERSION = 1.0;
				PRODUCT_BUNDLE_IDENTIFIER = com.homework.BeautyPhora;
				PRODUCT_NAME = "$(TARGET_NAME)";
				SDKROOT = auto;
				SUPPORTED_PLATFORMS = "iphoneos iphonesimulator";
				SUPPORTS_MACCATALYST = NO;
				SUPPORTS_MAC_DESIGNED_FOR_IPHONE_IPAD = NO;
				SWIFT_EMIT_LOC_STRINGS = YES;
				SWIFT_VERSION = 5.0;
				TARGETED_DEVICE_FAMILY = "1,2";
			};
			name = Release;
		};
		E9047BB62970519A000B1885 /* Debug */ = {
			isa = XCBuildConfiguration;
			baseConfigurationReference = 2870451DE4D4C8B97765941A /* Pods-BeautyPhoraTests.debug.xcconfig */;
			buildSettings = {
				ALWAYS_EMBED_SWIFT_STANDARD_LIBRARIES = YES;
				BUNDLE_LOADER = "$(TEST_HOST)";
				CODE_SIGN_STYLE = Automatic;
				CURRENT_PROJECT_VERSION = 1;
				DEVELOPMENT_TEAM = 75K654T5D3;
				GENERATE_INFOPLIST_FILE = YES;
				IPHONEOS_DEPLOYMENT_TARGET = 16.2;
				MACOSX_DEPLOYMENT_TARGET = 13.1;
				MARKETING_VERSION = 1.0;
				PRODUCT_BUNDLE_IDENTIFIER = com.homework.BeautyPhoraTests;
				PRODUCT_NAME = "$(TARGET_NAME)";
				SDKROOT = auto;
				SUPPORTED_PLATFORMS = "iphoneos iphonesimulator macosx";
				SWIFT_EMIT_LOC_STRINGS = NO;
				SWIFT_VERSION = 5.0;
				TARGETED_DEVICE_FAMILY = "1,2";
				TEST_HOST = "$(BUILT_PRODUCTS_DIR)/BeautyPhora.app/$(BUNDLE_EXECUTABLE_FOLDER_PATH)/BeautyPhora";
			};
			name = Debug;
		};
		E9047BB72970519A000B1885 /* Release */ = {
			isa = XCBuildConfiguration;
			baseConfigurationReference = DB1805E536EF40F6F5924D1A /* Pods-BeautyPhoraTests.release.xcconfig */;
			buildSettings = {
				ALWAYS_EMBED_SWIFT_STANDARD_LIBRARIES = YES;
				BUNDLE_LOADER = "$(TEST_HOST)";
				CODE_SIGN_STYLE = Automatic;
				CURRENT_PROJECT_VERSION = 1;
				DEVELOPMENT_TEAM = 75K654T5D3;
				GENERATE_INFOPLIST_FILE = YES;
				IPHONEOS_DEPLOYMENT_TARGET = 16.2;
				MACOSX_DEPLOYMENT_TARGET = 13.1;
				MARKETING_VERSION = 1.0;
				PRODUCT_BUNDLE_IDENTIFIER = com.homework.BeautyPhoraTests;
				PRODUCT_NAME = "$(TARGET_NAME)";
				SDKROOT = auto;
				SUPPORTED_PLATFORMS = "iphoneos iphonesimulator macosx";
				SWIFT_EMIT_LOC_STRINGS = NO;
				SWIFT_VERSION = 5.0;
				TARGETED_DEVICE_FAMILY = "1,2";
				TEST_HOST = "$(BUILT_PRODUCTS_DIR)/BeautyPhora.app/$(BUNDLE_EXECUTABLE_FOLDER_PATH)/BeautyPhora";
			};
			name = Release;
		};
/* End XCBuildConfiguration section */

/* Begin XCConfigurationList section */
		E9047B7E29705197000B1885 /* Build configuration list for PBXProject "BeautyPhora" */ = {
			isa = XCConfigurationList;
			buildConfigurations = (
				E9047BB02970519A000B1885 /* Debug */,
				E9047BB12970519A000B1885 /* Release */,
			);
			defaultConfigurationIsVisible = 0;
			defaultConfigurationName = Release;
		};
		E9047BB22970519A000B1885 /* Build configuration list for PBXNativeTarget "BeautyPhora" */ = {
			isa = XCConfigurationList;
			buildConfigurations = (
				E9047BB32970519A000B1885 /* Debug */,
				E9047BB42970519A000B1885 /* Release */,
			);
			defaultConfigurationIsVisible = 0;
			defaultConfigurationName = Release;
		};
		E9047BB52970519A000B1885 /* Build configuration list for PBXNativeTarget "BeautyPhoraTests" */ = {
			isa = XCConfigurationList;
			buildConfigurations = (
				E9047BB62970519A000B1885 /* Debug */,
				E9047BB72970519A000B1885 /* Release */,
			);
			defaultConfigurationIsVisible = 0;
			defaultConfigurationName = Release;
		};
/* End XCConfigurationList section */

/* Begin XCVersionGroup section */
		E9047B8D29705197000B1885 /* BeautyPhora.xcdatamodeld */ = {
			isa = XCVersionGroup;
			children = (
				E9B5A5C329717E0700DCFF0A /* BeautyPhora 4.xcdatamodel */,
				E9B5A5B029716E7300DCFF0A /* BeautyPhora 3.xcdatamodel */,
				E9B5A5AF29716B4700DCFF0A /* BeautyPhora 2.xcdatamodel */,
				E9047B8E29705197000B1885 /* BeautyPhora.xcdatamodel */,
			);
			currentVersion = E9B5A5C329717E0700DCFF0A /* BeautyPhora 4.xcdatamodel */;
			path = BeautyPhora.xcdatamodeld;
			sourceTree = "<group>";
			versionGroupType = wrapper.xcdatamodel;
		};
/* End XCVersionGroup section */
	};
	rootObject = E9047B7B29705197000B1885 /* Project object */;
}
