// !$*UTF8*$!
{
	archiveVersion = 1;
	classes = {
	};
	objectVersion = 56;
	objects = {

/* Begin PBXBuildFile section */
		E9047B8829705197000B1885 /* BeautyPhoraApp.swift in Sources */ = {isa = PBXBuildFile; fileRef = E9047B8729705197000B1885 /* BeautyPhoraApp.swift */; };
		E9047B8B29705197000B1885 /* Persistence.swift in Sources */ = {isa = PBXBuildFile; fileRef = E9047B8A29705197000B1885 /* Persistence.swift */; };
		E9047B8F29705197000B1885 /* BeautyPhora.xcdatamodeld in Sources */ = {isa = PBXBuildFile; fileRef = E9047B8D29705197000B1885 /* BeautyPhora.xcdatamodeld */; };
		E9047B9229705197000B1885 /* ContentView.swift in Sources */ = {isa = PBXBuildFile; fileRef = E9047B9129705197000B1885 /* ContentView.swift */; };
		E9047B952970519A000B1885 /* Assets.xcassets in Resources */ = {isa = PBXBuildFile; fileRef = E9047B942970519A000B1885 /* Assets.xcassets */; };
		E9047B992970519A000B1885 /* Preview Assets.xcassets in Resources */ = {isa = PBXBuildFile; fileRef = E9047B982970519A000B1885 /* Preview Assets.xcassets */; };
		E9047BA32970519A000B1885 /* BeautyPhoraTests.swift in Sources */ = {isa = PBXBuildFile; fileRef = E9047BA22970519A000B1885 /* BeautyPhoraTests.swift */; };
		E9047BAD2970519A000B1885 /* BeautyPhoraUITests.swift in Sources */ = {isa = PBXBuildFile; fileRef = E9047BAC2970519A000B1885 /* BeautyPhoraUITests.swift */; };
		E9047BAF2970519A000B1885 /* BeautyPhoraUITestsLaunchTests.swift in Sources */ = {isa = PBXBuildFile; fileRef = E9047BAE2970519A000B1885 /* BeautyPhoraUITestsLaunchTests.swift */; };
		E9047BBC29705282000B1885 /* AppDelegate.swift in Sources */ = {isa = PBXBuildFile; fileRef = E9047BBB29705282000B1885 /* AppDelegate.swift */; };
		E9047BBE29705297000B1885 /* SceneDelegate.swift in Sources */ = {isa = PBXBuildFile; fileRef = E9047BBD29705297000B1885 /* SceneDelegate.swift */; };
		E9047BC1297052B5000B1885 /* HomeViewController.swift in Sources */ = {isa = PBXBuildFile; fileRef = E9047BC0297052B5000B1885 /* HomeViewController.swift */; };
		E9047BCC29705DF8000B1885 /* DataServiceProvider.swift in Sources */ = {isa = PBXBuildFile; fileRef = E9047BCB29705DF8000B1885 /* DataServiceProvider.swift */; };
		E9047BCE29705E17000B1885 /* NetworkProviderProtocol.swift in Sources */ = {isa = PBXBuildFile; fileRef = E9047BCD29705E17000B1885 /* NetworkProviderProtocol.swift */; };
		E9047BD029705EB1000B1885 /* APIProvider.swift in Sources */ = {isa = PBXBuildFile; fileRef = E9047BCF29705EB1000B1885 /* APIProvider.swift */; };
		E9047BD22970654A000B1885 /* Requester.swift in Sources */ = {isa = PBXBuildFile; fileRef = E9047BD12970654A000B1885 /* Requester.swift */; };
		E9047BD42970656A000B1885 /* Endpoint.swift in Sources */ = {isa = PBXBuildFile; fileRef = E9047BD32970656A000B1885 /* Endpoint.swift */; };
		E9047BD72970660E000B1885 /* Product.swift in Sources */ = {isa = PBXBuildFile; fileRef = E9047BD62970660E000B1885 /* Product.swift */; };
		E9047BDA297068B3000B1885 /* RequesterTests.swift in Sources */ = {isa = PBXBuildFile; fileRef = E9047BD9297068B3000B1885 /* RequesterTests.swift */; };
		E9047BDD2970699D000B1885 /* StubsProvider.swift in Sources */ = {isa = PBXBuildFile; fileRef = E9047BDC2970699D000B1885 /* StubsProvider.swift */; };
		E9047BE029706B3A000B1885 /* PProduct.swift in Sources */ = {isa = PBXBuildFile; fileRef = E9047BDF29706B3A000B1885 /* PProduct.swift */; };
		E9047BE229706BE1000B1885 /* Brand.swift in Sources */ = {isa = PBXBuildFile; fileRef = E9047BE129706BE1000B1885 /* Brand.swift */; };
		E9047BE429706C05000B1885 /* PPImage.swift in Sources */ = {isa = PBXBuildFile; fileRef = E9047BE329706C05000B1885 /* PPImage.swift */; };
		E9047BE629706F0B000B1885 /* MockURLProtocol.swift in Sources */ = {isa = PBXBuildFile; fileRef = E9047BE529706F0B000B1885 /* MockURLProtocol.swift */; };
		E9047BEB29707DC3000B1885 /* ProductRemoteStore.swift in Sources */ = {isa = PBXBuildFile; fileRef = E9047BEA29707DC3000B1885 /* ProductRemoteStore.swift */; };
		E9047BED29707DD1000B1885 /* ProductRemoteStoreProtocol.swift in Sources */ = {isa = PBXBuildFile; fileRef = E9047BEC29707DD1000B1885 /* ProductRemoteStoreProtocol.swift */; };
		E9047BF12970808D000B1885 /* ProductRepository.swift in Sources */ = {isa = PBXBuildFile; fileRef = E9047BF02970808D000B1885 /* ProductRepository.swift */; };
		E9047BF5297080B6000B1885 /* ProductRepositoryProtocol.swift in Sources */ = {isa = PBXBuildFile; fileRef = E9047BF4297080B6000B1885 /* ProductRepositoryProtocol.swift */; };
/* End PBXBuildFile section */

/* Begin PBXContainerItemProxy section */
		E9047B9F2970519A000B1885 /* PBXContainerItemProxy */ = {
			isa = PBXContainerItemProxy;
			containerPortal = E9047B7B29705197000B1885 /* Project object */;
			proxyType = 1;
			remoteGlobalIDString = E9047B8229705197000B1885;
			remoteInfo = BeautyPhora;
		};
		E9047BA92970519A000B1885 /* PBXContainerItemProxy */ = {
			isa = PBXContainerItemProxy;
			containerPortal = E9047B7B29705197000B1885 /* Project object */;
			proxyType = 1;
			remoteGlobalIDString = E9047B8229705197000B1885;
			remoteInfo = BeautyPhora;
		};
/* End PBXContainerItemProxy section */

/* Begin PBXFileReference section */
		E9047B8329705197000B1885 /* BeautyPhora.app */ = {isa = PBXFileReference; explicitFileType = wrapper.application; includeInIndex = 0; path = BeautyPhora.app; sourceTree = BUILT_PRODUCTS_DIR; };
		E9047B8729705197000B1885 /* BeautyPhoraApp.swift */ = {isa = PBXFileReference; lastKnownFileType = sourcecode.swift; path = BeautyPhoraApp.swift; sourceTree = "<group>"; };
		E9047B8A29705197000B1885 /* Persistence.swift */ = {isa = PBXFileReference; lastKnownFileType = sourcecode.swift; path = Persistence.swift; sourceTree = "<group>"; };
		E9047B8E29705197000B1885 /* BeautyPhora.xcdatamodel */ = {isa = PBXFileReference; lastKnownFileType = wrapper.xcdatamodel; path = BeautyPhora.xcdatamodel; sourceTree = "<group>"; };
		E9047B9129705197000B1885 /* ContentView.swift */ = {isa = PBXFileReference; lastKnownFileType = sourcecode.swift; path = ContentView.swift; sourceTree = "<group>"; };
		E9047B942970519A000B1885 /* Assets.xcassets */ = {isa = PBXFileReference; lastKnownFileType = folder.assetcatalog; path = Assets.xcassets; sourceTree = "<group>"; };
		E9047B962970519A000B1885 /* BeautyPhora.entitlements */ = {isa = PBXFileReference; lastKnownFileType = text.plist.entitlements; path = BeautyPhora.entitlements; sourceTree = "<group>"; };
		E9047B982970519A000B1885 /* Preview Assets.xcassets */ = {isa = PBXFileReference; lastKnownFileType = folder.assetcatalog; path = "Preview Assets.xcassets"; sourceTree = "<group>"; };
		E9047B9E2970519A000B1885 /* BeautyPhoraTests.xctest */ = {isa = PBXFileReference; explicitFileType = wrapper.cfbundle; includeInIndex = 0; path = BeautyPhoraTests.xctest; sourceTree = BUILT_PRODUCTS_DIR; };
		E9047BA22970519A000B1885 /* BeautyPhoraTests.swift */ = {isa = PBXFileReference; lastKnownFileType = sourcecode.swift; path = BeautyPhoraTests.swift; sourceTree = "<group>"; };
		E9047BA82970519A000B1885 /* BeautyPhoraUITests.xctest */ = {isa = PBXFileReference; explicitFileType = wrapper.cfbundle; includeInIndex = 0; path = BeautyPhoraUITests.xctest; sourceTree = BUILT_PRODUCTS_DIR; };
		E9047BAC2970519A000B1885 /* BeautyPhoraUITests.swift */ = {isa = PBXFileReference; lastKnownFileType = sourcecode.swift; path = BeautyPhoraUITests.swift; sourceTree = "<group>"; };
		E9047BAE2970519A000B1885 /* BeautyPhoraUITestsLaunchTests.swift */ = {isa = PBXFileReference; lastKnownFileType = sourcecode.swift; path = BeautyPhoraUITestsLaunchTests.swift; sourceTree = "<group>"; };
		E9047BBB29705282000B1885 /* AppDelegate.swift */ = {isa = PBXFileReference; lastKnownFileType = sourcecode.swift; path = AppDelegate.swift; sourceTree = "<group>"; };
		E9047BBD29705297000B1885 /* SceneDelegate.swift */ = {isa = PBXFileReference; lastKnownFileType = sourcecode.swift; path = SceneDelegate.swift; sourceTree = "<group>"; };
		E9047BC0297052B5000B1885 /* HomeViewController.swift */ = {isa = PBXFileReference; lastKnownFileType = sourcecode.swift; path = HomeViewController.swift; sourceTree = "<group>"; };
		E9047BC429705D50000B1885 /* Info.plist */ = {isa = PBXFileReference; lastKnownFileType = text.plist; path = Info.plist; sourceTree = "<group>"; };
		E9047BCB29705DF8000B1885 /* DataServiceProvider.swift */ = {isa = PBXFileReference; lastKnownFileType = sourcecode.swift; path = DataServiceProvider.swift; sourceTree = "<group>"; };
		E9047BCD29705E17000B1885 /* NetworkProviderProtocol.swift */ = {isa = PBXFileReference; lastKnownFileType = sourcecode.swift; path = NetworkProviderProtocol.swift; sourceTree = "<group>"; };
		E9047BCF29705EB1000B1885 /* APIProvider.swift */ = {isa = PBXFileReference; lastKnownFileType = sourcecode.swift; path = APIProvider.swift; sourceTree = "<group>"; };
		E9047BD12970654A000B1885 /* Requester.swift */ = {isa = PBXFileReference; lastKnownFileType = sourcecode.swift; path = Requester.swift; sourceTree = "<group>"; };
		E9047BD32970656A000B1885 /* Endpoint.swift */ = {isa = PBXFileReference; lastKnownFileType = sourcecode.swift; path = Endpoint.swift; sourceTree = "<group>"; };
		E9047BD62970660E000B1885 /* Product.swift */ = {isa = PBXFileReference; lastKnownFileType = sourcecode.swift; path = Product.swift; sourceTree = "<group>"; };
		E9047BD9297068B3000B1885 /* RequesterTests.swift */ = {isa = PBXFileReference; lastKnownFileType = sourcecode.swift; path = RequesterTests.swift; sourceTree = "<group>"; };
		E9047BDC2970699D000B1885 /* StubsProvider.swift */ = {isa = PBXFileReference; lastKnownFileType = sourcecode.swift; path = StubsProvider.swift; sourceTree = "<group>"; };
		E9047BDF29706B3A000B1885 /* PProduct.swift */ = {isa = PBXFileReference; lastKnownFileType = sourcecode.swift; path = PProduct.swift; sourceTree = "<group>"; };
		E9047BE129706BE1000B1885 /* Brand.swift */ = {isa = PBXFileReference; lastKnownFileType = sourcecode.swift; path = Brand.swift; sourceTree = "<group>"; };
		E9047BE329706C05000B1885 /* PPImage.swift */ = {isa = PBXFileReference; lastKnownFileType = sourcecode.swift; path = PPImage.swift; sourceTree = "<group>"; };
		E9047BE529706F0B000B1885 /* MockURLProtocol.swift */ = {isa = PBXFileReference; lastKnownFileType = sourcecode.swift; path = MockURLProtocol.swift; sourceTree = "<group>"; };
		E9047BEA29707DC3000B1885 /* ProductRemoteStore.swift */ = {isa = PBXFileReference; lastKnownFileType = sourcecode.swift; path = ProductRemoteStore.swift; sourceTree = "<group>"; };
		E9047BEC29707DD1000B1885 /* ProductRemoteStoreProtocol.swift */ = {isa = PBXFileReference; lastKnownFileType = sourcecode.swift; path = ProductRemoteStoreProtocol.swift; sourceTree = "<group>"; };
		E9047BF02970808D000B1885 /* ProductRepository.swift */ = {isa = PBXFileReference; lastKnownFileType = sourcecode.swift; path = ProductRepository.swift; sourceTree = "<group>"; };
		E9047BF4297080B6000B1885 /* ProductRepositoryProtocol.swift */ = {isa = PBXFileReference; lastKnownFileType = sourcecode.swift; path = ProductRepositoryProtocol.swift; sourceTree = "<group>"; };
/* End PBXFileReference section */

/* Begin PBXFrameworksBuildPhase section */
		E9047B8029705197000B1885 /* Frameworks */ = {
			isa = PBXFrameworksBuildPhase;
			buildActionMask = 2147483647;
			files = (
			);
			runOnlyForDeploymentPostprocessing = 0;
		};
		E9047B9B2970519A000B1885 /* Frameworks */ = {
			isa = PBXFrameworksBuildPhase;
			buildActionMask = 2147483647;
			files = (
			);
			runOnlyForDeploymentPostprocessing = 0;
		};
		E9047BA52970519A000B1885 /* Frameworks */ = {
			isa = PBXFrameworksBuildPhase;
			buildActionMask = 2147483647;
			files = (
			);
			runOnlyForDeploymentPostprocessing = 0;
		};
/* End PBXFrameworksBuildPhase section */

/* Begin PBXGroup section */
		E9047B7A29705197000B1885 = {
			isa = PBXGroup;
			children = (
				E9047B8529705197000B1885 /* BeautyPhora */,
				E9047BA12970519A000B1885 /* BeautyPhoraTests */,
				E9047BAB2970519A000B1885 /* BeautyPhoraUITests */,
				E9047B8429705197000B1885 /* Products */,
			);
			sourceTree = "<group>";
		};
		E9047B8429705197000B1885 /* Products */ = {
			isa = PBXGroup;
			children = (
				E9047B8329705197000B1885 /* BeautyPhora.app */,
				E9047B9E2970519A000B1885 /* BeautyPhoraTests.xctest */,
				E9047BA82970519A000B1885 /* BeautyPhoraUITests.xctest */,
			);
			name = Products;
			sourceTree = "<group>";
		};
		E9047B8529705197000B1885 /* BeautyPhora */ = {
			isa = PBXGroup;
			children = (
				E9047B962970519A000B1885 /* BeautyPhora.entitlements */,
				E9047BC429705D50000B1885 /* Info.plist */,
				E9047B8629705197000B1885 /* Application */,
				E9047BC829705DD5000B1885 /* Domain */,
				E9047B8929705197000B1885 /* Data */,
				E9047B9029705197000B1885 /* Presentation */,
				E9047B932970519A000B1885 /* Resources */,
				E9047B972970519A000B1885 /* Preview Content */,
			);
			path = BeautyPhora;
			sourceTree = "<group>";
		};
		E9047B8629705197000B1885 /* Application */ = {
			isa = PBXGroup;
			children = (
				E9047B8729705197000B1885 /* BeautyPhoraApp.swift */,
				E9047BBD29705297000B1885 /* SceneDelegate.swift */,
				E9047BBB29705282000B1885 /* AppDelegate.swift */,
			);
			path = Application;
			sourceTree = "<group>";
		};
		E9047B8929705197000B1885 /* Data */ = {
			isa = PBXGroup;
			children = (
				E9047BD5297065EB000B1885 /* Models */,
				E9047BC629705DAA000B1885 /* LocalStore */,
				E9047BC529705DA3000B1885 /* RemoteStore */,
			);
			path = Data;
			sourceTree = "<group>";
		};
		E9047B8C29705197000B1885 /* Database */ = {
			isa = PBXGroup;
			children = (
				E9047B8D29705197000B1885 /* BeautyPhora.xcdatamodeld */,
			);
			path = Database;
			sourceTree = "<group>";
		};
		E9047B9029705197000B1885 /* Presentation */ = {
			isa = PBXGroup;
			children = (
				E9047BBF297052A6000B1885 /* Home */,
				E9047B9129705197000B1885 /* ContentView.swift */,
			);
			path = Presentation;
			sourceTree = "<group>";
		};
		E9047B932970519A000B1885 /* Resources */ = {
			isa = PBXGroup;
			children = (
				E9047B942970519A000B1885 /* Assets.xcassets */,
			);
			path = Resources;
			sourceTree = "<group>";
		};
		E9047B972970519A000B1885 /* Preview Content */ = {
			isa = PBXGroup;
			children = (
				E9047B982970519A000B1885 /* Preview Assets.xcassets */,
			);
			path = "Preview Content";
			sourceTree = "<group>";
		};
		E9047BA12970519A000B1885 /* BeautyPhoraTests */ = {
			isa = PBXGroup;
			children = (
				E9047BD82970684E000B1885 /* DataTests */,
				E9047BA22970519A000B1885 /* BeautyPhoraTests.swift */,
			);
			path = BeautyPhoraTests;
			sourceTree = "<group>";
		};
		E9047BAB2970519A000B1885 /* BeautyPhoraUITests */ = {
			isa = PBXGroup;
			children = (
				E9047BAC2970519A000B1885 /* BeautyPhoraUITests.swift */,
				E9047BAE2970519A000B1885 /* BeautyPhoraUITestsLaunchTests.swift */,
			);
			path = BeautyPhoraUITests;
			sourceTree = "<group>";
		};
		E9047BBF297052A6000B1885 /* Home */ = {
			isa = PBXGroup;
			children = (
				E9047BC2297052B8000B1885 /* View */,
			);
			path = Home;
			sourceTree = "<group>";
		};
		E9047BC2297052B8000B1885 /* View */ = {
			isa = PBXGroup;
			children = (
				E9047BC0297052B5000B1885 /* HomeViewController.swift */,
			);
			path = View;
			sourceTree = "<group>";
		};
		E9047BC529705DA3000B1885 /* RemoteStore */ = {
			isa = PBXGroup;
			children = (
				E9047BEF29708080000B1885 /* Repository */,
				E9047BEE29708078000B1885 /* Store */,
				E9047BC729705DB6000B1885 /* Network */,
			);
			path = RemoteStore;
			sourceTree = "<group>";
		};
		E9047BC629705DAA000B1885 /* LocalStore */ = {
			isa = PBXGroup;
			children = (
				E9047B8C29705197000B1885 /* Database */,
				E9047B8A29705197000B1885 /* Persistence.swift */,
			);
			path = LocalStore;
			sourceTree = "<group>";
		};
		E9047BC729705DB6000B1885 /* Network */ = {
			isa = PBXGroup;
			children = (
				E9047BCF29705EB1000B1885 /* APIProvider.swift */,
				E9047BD12970654A000B1885 /* Requester.swift */,
				E9047BD32970656A000B1885 /* Endpoint.swift */,
			);
			path = Network;
			sourceTree = "<group>";
		};
		E9047BC829705DD5000B1885 /* Domain */ = {
			isa = PBXGroup;
			children = (
				E9047BDE29706A5A000B1885 /* Entities */,
				E9047BC929705DDE000B1885 /* RemoteStore */,
			);
			path = Domain;
			sourceTree = "<group>";
		};
		E9047BC929705DDE000B1885 /* RemoteStore */ = {
			isa = PBXGroup;
			children = (
				E9047BF3297080A6000B1885 /* Repository */,
				E9047BF2297080A1000B1885 /* Store */,
				E9047BCA29705DE3000B1885 /* Network */,
			);
			path = RemoteStore;
			sourceTree = "<group>";
		};
		E9047BCA29705DE3000B1885 /* Network */ = {
			isa = PBXGroup;
			children = (
				E9047BCB29705DF8000B1885 /* DataServiceProvider.swift */,
				E9047BCD29705E17000B1885 /* NetworkProviderProtocol.swift */,
			);
			path = Network;
			sourceTree = "<group>";
		};
		E9047BD5297065EB000B1885 /* Models */ = {
			isa = PBXGroup;
			children = (
				E9047BD62970660E000B1885 /* Product.swift */,
				E9047BE129706BE1000B1885 /* Brand.swift */,
				E9047BE329706C05000B1885 /* PPImage.swift */,
			);
			path = Models;
			sourceTree = "<group>";
		};
		E9047BD82970684E000B1885 /* DataTests */ = {
			isa = PBXGroup;
			children = (
				E9047BF6297081E2000B1885 /* RemoteStoreTests */,
				E9047BDB29706992000B1885 /* Mocks & Stubs */,
			);
			path = DataTests;
			sourceTree = "<group>";
		};
		E9047BDB29706992000B1885 /* Mocks & Stubs */ = {
			isa = PBXGroup;
			children = (
				E9047BDC2970699D000B1885 /* StubsProvider.swift */,
				E9047BE529706F0B000B1885 /* MockURLProtocol.swift */,
			);
			path = "Mocks & Stubs";
			sourceTree = "<group>";
		};
		E9047BDE29706A5A000B1885 /* Entities */ = {
			isa = PBXGroup;
			children = (
				E9047BDF29706B3A000B1885 /* PProduct.swift */,
			);
			path = Entities;
			sourceTree = "<group>";
		};
		E9047BEE29708078000B1885 /* Store */ = {
			isa = PBXGroup;
			children = (
				E9047BEA29707DC3000B1885 /* ProductRemoteStore.swift */,
			);
			path = Store;
			sourceTree = "<group>";
		};
		E9047BEF29708080000B1885 /* Repository */ = {
			isa = PBXGroup;
			children = (
				E9047BF02970808D000B1885 /* ProductRepository.swift */,
			);
			path = Repository;
			sourceTree = "<group>";
		};
		E9047BF2297080A1000B1885 /* Store */ = {
			isa = PBXGroup;
			children = (
				E9047BEC29707DD1000B1885 /* ProductRemoteStoreProtocol.swift */,
			);
			path = Store;
			sourceTree = "<group>";
		};
		E9047BF3297080A6000B1885 /* Repository */ = {
			isa = PBXGroup;
			children = (
				E9047BF4297080B6000B1885 /* ProductRepositoryProtocol.swift */,
			);
			path = Repository;
			sourceTree = "<group>";
		};
		E9047BF6297081E2000B1885 /* RemoteStoreTests */ = {
			isa = PBXGroup;
			children = (
				E9047BD9297068B3000B1885 /* RequesterTests.swift */,
			);
			path = RemoteStoreTests;
			sourceTree = "<group>";
		};
/* End PBXGroup section */

/* Begin PBXNativeTarget section */
		E9047B8229705197000B1885 /* BeautyPhora */ = {
			isa = PBXNativeTarget;
			buildConfigurationList = E9047BB22970519A000B1885 /* Build configuration list for PBXNativeTarget "BeautyPhora" */;
			buildPhases = (
				E9047B7F29705197000B1885 /* Sources */,
				E9047B8029705197000B1885 /* Frameworks */,
				E9047B8129705197000B1885 /* Resources */,
				E9047BC329705398000B1885 /* ShellScript */,
			);
			buildRules = (
			);
			dependencies = (
			);
			name = BeautyPhora;
			productName = BeautyPhora;
			productReference = E9047B8329705197000B1885 /* BeautyPhora.app */;
			productType = "com.apple.product-type.application";
		};
		E9047B9D2970519A000B1885 /* BeautyPhoraTests */ = {
			isa = PBXNativeTarget;
			buildConfigurationList = E9047BB52970519A000B1885 /* Build configuration list for PBXNativeTarget "BeautyPhoraTests" */;
			buildPhases = (
				E9047B9A2970519A000B1885 /* Sources */,
				E9047B9B2970519A000B1885 /* Frameworks */,
				E9047B9C2970519A000B1885 /* Resources */,
			);
			buildRules = (
			);
			dependencies = (
				E9047BA02970519A000B1885 /* PBXTargetDependency */,
			);
			name = BeautyPhoraTests;
			productName = BeautyPhoraTests;
			productReference = E9047B9E2970519A000B1885 /* BeautyPhoraTests.xctest */;
			productType = "com.apple.product-type.bundle.unit-test";
		};
		E9047BA72970519A000B1885 /* BeautyPhoraUITests */ = {
			isa = PBXNativeTarget;
			buildConfigurationList = E9047BB82970519A000B1885 /* Build configuration list for PBXNativeTarget "BeautyPhoraUITests" */;
			buildPhases = (
				E9047BA42970519A000B1885 /* Sources */,
				E9047BA52970519A000B1885 /* Frameworks */,
				E9047BA62970519A000B1885 /* Resources */,
			);
			buildRules = (
			);
			dependencies = (
				E9047BAA2970519A000B1885 /* PBXTargetDependency */,
			);
			name = BeautyPhoraUITests;
			productName = BeautyPhoraUITests;
			productReference = E9047BA82970519A000B1885 /* BeautyPhoraUITests.xctest */;
			productType = "com.apple.product-type.bundle.ui-testing";
		};
/* End PBXNativeTarget section */

/* Begin PBXProject section */
		E9047B7B29705197000B1885 /* Project object */ = {
			isa = PBXProject;
			attributes = {
				BuildIndependentTargetsInParallel = 1;
				LastSwiftUpdateCheck = 1420;
				LastUpgradeCheck = 1420;
				TargetAttributes = {
					E9047B8229705197000B1885 = {
						CreatedOnToolsVersion = 14.2;
					};
					E9047B9D2970519A000B1885 = {
						CreatedOnToolsVersion = 14.2;
						TestTargetID = E9047B8229705197000B1885;
					};
					E9047BA72970519A000B1885 = {
						CreatedOnToolsVersion = 14.2;
						TestTargetID = E9047B8229705197000B1885;
					};
				};
			};
			buildConfigurationList = E9047B7E29705197000B1885 /* Build configuration list for PBXProject "BeautyPhora" */;
			compatibilityVersion = "Xcode 14.0";
			developmentRegion = en;
			hasScannedForEncodings = 0;
			knownRegions = (
				en,
				Base,
			);
			mainGroup = E9047B7A29705197000B1885;
			productRefGroup = E9047B8429705197000B1885 /* Products */;
			projectDirPath = "";
			projectRoot = "";
			targets = (
				E9047B8229705197000B1885 /* BeautyPhora */,
				E9047B9D2970519A000B1885 /* BeautyPhoraTests */,
				E9047BA72970519A000B1885 /* BeautyPhoraUITests */,
			);
		};
/* End PBXProject section */

/* Begin PBXResourcesBuildPhase section */
		E9047B8129705197000B1885 /* Resources */ = {
			isa = PBXResourcesBuildPhase;
			buildActionMask = 2147483647;
			files = (
				E9047B992970519A000B1885 /* Preview Assets.xcassets in Resources */,
				E9047B952970519A000B1885 /* Assets.xcassets in Resources */,
			);
			runOnlyForDeploymentPostprocessing = 0;
		};
		E9047B9C2970519A000B1885 /* Resources */ = {
			isa = PBXResourcesBuildPhase;
			buildActionMask = 2147483647;
			files = (
			);
			runOnlyForDeploymentPostprocessing = 0;
		};
		E9047BA62970519A000B1885 /* Resources */ = {
			isa = PBXResourcesBuildPhase;
			buildActionMask = 2147483647;
			files = (
			);
			runOnlyForDeploymentPostprocessing = 0;
		};
/* End PBXResourcesBuildPhase section */

/* Begin PBXShellScriptBuildPhase section */
		E9047BC329705398000B1885 /* ShellScript */ = {
			isa = PBXShellScriptBuildPhase;
			buildActionMask = 2147483647;
			files = (
			);
			inputFileListPaths = (
			);
			inputPaths = (
			);
			outputFileListPaths = (
			);
			outputPaths = (
			);
			runOnlyForDeploymentPostprocessing = 0;
			shellPath = /bin/sh;
			shellScript = "# Type a script or drag a script file from your workspace to insert its path.\nif which swiftlint > /dev/null; then\n  swiftlint\nelse\n  echo \"warning: SwiftLint not installed, download from https://github.com/realm/SwiftLint\"\nfi\n";
		};
/* End PBXShellScriptBuildPhase section */

/* Begin PBXSourcesBuildPhase section */
		E9047B7F29705197000B1885 /* Sources */ = {
			isa = PBXSourcesBuildPhase;
			buildActionMask = 2147483647;
			files = (
				E9047BED29707DD1000B1885 /* ProductRemoteStoreProtocol.swift in Sources */,
				E9047B8829705197000B1885 /* BeautyPhoraApp.swift in Sources */,
				E9047B8F29705197000B1885 /* BeautyPhora.xcdatamodeld in Sources */,
				E9047BCE29705E17000B1885 /* NetworkProviderProtocol.swift in Sources */,
				E9047BCC29705DF8000B1885 /* DataServiceProvider.swift in Sources */,
				E9047BE029706B3A000B1885 /* PProduct.swift in Sources */,
				E9047B9229705197000B1885 /* ContentView.swift in Sources */,
				E9047BBC29705282000B1885 /* AppDelegate.swift in Sources */,
				E9047B8B29705197000B1885 /* Persistence.swift in Sources */,
				E9047BF5297080B6000B1885 /* ProductRepositoryProtocol.swift in Sources */,
				E9047BD029705EB1000B1885 /* APIProvider.swift in Sources */,
				E9047BC1297052B5000B1885 /* HomeViewController.swift in Sources */,
				E9047BD22970654A000B1885 /* Requester.swift in Sources */,
				E9047BE429706C05000B1885 /* PPImage.swift in Sources */,
				E9047BD42970656A000B1885 /* Endpoint.swift in Sources */,
				E9047BBE29705297000B1885 /* SceneDelegate.swift in Sources */,
				E9047BEB29707DC3000B1885 /* ProductRemoteStore.swift in Sources */,
				E9047BE229706BE1000B1885 /* Brand.swift in Sources */,
				E9047BF12970808D000B1885 /* ProductRepository.swift in Sources */,
				E9047BD72970660E000B1885 /* Product.swift in Sources */,
			);
			runOnlyForDeploymentPostprocessing = 0;
		};
		E9047B9A2970519A000B1885 /* Sources */ = {
			isa = PBXSourcesBuildPhase;
			buildActionMask = 2147483647;
			files = (
				E9047BA32970519A000B1885 /* BeautyPhoraTests.swift in Sources */,
				E9047BDD2970699D000B1885 /* StubsProvider.swift in Sources */,
				E9047BDA297068B3000B1885 /* RequesterTests.swift in Sources */,
				E9047BE629706F0B000B1885 /* MockURLProtocol.swift in Sources */,
			);
			runOnlyForDeploymentPostprocessing = 0;
		};
		E9047BA42970519A000B1885 /* Sources */ = {
			isa = PBXSourcesBuildPhase;
			buildActionMask = 2147483647;
			files = (
				E9047BAD2970519A000B1885 /* BeautyPhoraUITests.swift in Sources */,
				E9047BAF2970519A000B1885 /* BeautyPhoraUITestsLaunchTests.swift in Sources */,
			);
			runOnlyForDeploymentPostprocessing = 0;
		};
/* End PBXSourcesBuildPhase section */

/* Begin PBXTargetDependency section */
		E9047BA02970519A000B1885 /* PBXTargetDependency */ = {
			isa = PBXTargetDependency;
			target = E9047B8229705197000B1885 /* BeautyPhora */;
			targetProxy = E9047B9F2970519A000B1885 /* PBXContainerItemProxy */;
		};
		E9047BAA2970519A000B1885 /* PBXTargetDependency */ = {
			isa = PBXTargetDependency;
			target = E9047B8229705197000B1885 /* BeautyPhora */;
			targetProxy = E9047BA92970519A000B1885 /* PBXContainerItemProxy */;
		};
/* End PBXTargetDependency section */

/* Begin XCBuildConfiguration section */
		E9047BB02970519A000B1885 /* Debug */ = {
			isa = XCBuildConfiguration;
			buildSettings = {
				ALWAYS_SEARCH_USER_PATHS = NO;
				CLANG_ANALYZER_NONNULL = YES;
				CLANG_ANALYZER_NUMBER_OBJECT_CONVERSION = YES_AGGRESSIVE;
				CLANG_CXX_LANGUAGE_STANDARD = "gnu++20";
				CLANG_ENABLE_MODULES = YES;
				CLANG_ENABLE_OBJC_ARC = YES;
				CLANG_ENABLE_OBJC_WEAK = YES;
				CLANG_WARN_BLOCK_CAPTURE_AUTORELEASING = YES;
				CLANG_WARN_BOOL_CONVERSION = YES;
				CLANG_WARN_COMMA = YES;
				CLANG_WARN_CONSTANT_CONVERSION = YES;
				CLANG_WARN_DEPRECATED_OBJC_IMPLEMENTATIONS = YES;
				CLANG_WARN_DIRECT_OBJC_ISA_USAGE = YES_ERROR;
				CLANG_WARN_DOCUMENTATION_COMMENTS = YES;
				CLANG_WARN_EMPTY_BODY = YES;
				CLANG_WARN_ENUM_CONVERSION = YES;
				CLANG_WARN_INFINITE_RECURSION = YES;
				CLANG_WARN_INT_CONVERSION = YES;
				CLANG_WARN_NON_LITERAL_NULL_CONVERSION = YES;
				CLANG_WARN_OBJC_IMPLICIT_RETAIN_SELF = YES;
				CLANG_WARN_OBJC_LITERAL_CONVERSION = YES;
				CLANG_WARN_OBJC_ROOT_CLASS = YES_ERROR;
				CLANG_WARN_QUOTED_INCLUDE_IN_FRAMEWORK_HEADER = YES;
				CLANG_WARN_RANGE_LOOP_ANALYSIS = YES;
				CLANG_WARN_STRICT_PROTOTYPES = YES;
				CLANG_WARN_SUSPICIOUS_MOVE = YES;
				CLANG_WARN_UNGUARDED_AVAILABILITY = YES_AGGRESSIVE;
				CLANG_WARN_UNREACHABLE_CODE = YES;
				CLANG_WARN__DUPLICATE_METHOD_MATCH = YES;
				COPY_PHASE_STRIP = NO;
				DEBUG_INFORMATION_FORMAT = dwarf;
				ENABLE_STRICT_OBJC_MSGSEND = YES;
				ENABLE_TESTABILITY = YES;
				GCC_C_LANGUAGE_STANDARD = gnu11;
				GCC_DYNAMIC_NO_PIC = NO;
				GCC_NO_COMMON_BLOCKS = YES;
				GCC_OPTIMIZATION_LEVEL = 0;
				GCC_PREPROCESSOR_DEFINITIONS = (
					"DEBUG=1",
					"$(inherited)",
				);
				GCC_WARN_64_TO_32_BIT_CONVERSION = YES;
				GCC_WARN_ABOUT_RETURN_TYPE = YES_ERROR;
				GCC_WARN_UNDECLARED_SELECTOR = YES;
				GCC_WARN_UNINITIALIZED_AUTOS = YES_AGGRESSIVE;
				GCC_WARN_UNUSED_FUNCTION = YES;
				GCC_WARN_UNUSED_VARIABLE = YES;
				MTL_ENABLE_DEBUG_INFO = INCLUDE_SOURCE;
				MTL_FAST_MATH = YES;
				ONLY_ACTIVE_ARCH = YES;
				SWIFT_ACTIVE_COMPILATION_CONDITIONS = DEBUG;
				SWIFT_OPTIMIZATION_LEVEL = "-Onone";
			};
			name = Debug;
		};
		E9047BB12970519A000B1885 /* Release */ = {
			isa = XCBuildConfiguration;
			buildSettings = {
				ALWAYS_SEARCH_USER_PATHS = NO;
				CLANG_ANALYZER_NONNULL = YES;
				CLANG_ANALYZER_NUMBER_OBJECT_CONVERSION = YES_AGGRESSIVE;
				CLANG_CXX_LANGUAGE_STANDARD = "gnu++20";
				CLANG_ENABLE_MODULES = YES;
				CLANG_ENABLE_OBJC_ARC = YES;
				CLANG_ENABLE_OBJC_WEAK = YES;
				CLANG_WARN_BLOCK_CAPTURE_AUTORELEASING = YES;
				CLANG_WARN_BOOL_CONVERSION = YES;
				CLANG_WARN_COMMA = YES;
				CLANG_WARN_CONSTANT_CONVERSION = YES;
				CLANG_WARN_DEPRECATED_OBJC_IMPLEMENTATIONS = YES;
				CLANG_WARN_DIRECT_OBJC_ISA_USAGE = YES_ERROR;
				CLANG_WARN_DOCUMENTATION_COMMENTS = YES;
				CLANG_WARN_EMPTY_BODY = YES;
				CLANG_WARN_ENUM_CONVERSION = YES;
				CLANG_WARN_INFINITE_RECURSION = YES;
				CLANG_WARN_INT_CONVERSION = YES;
				CLANG_WARN_NON_LITERAL_NULL_CONVERSION = YES;
				CLANG_WARN_OBJC_IMPLICIT_RETAIN_SELF = YES;
				CLANG_WARN_OBJC_LITERAL_CONVERSION = YES;
				CLANG_WARN_OBJC_ROOT_CLASS = YES_ERROR;
				CLANG_WARN_QUOTED_INCLUDE_IN_FRAMEWORK_HEADER = YES;
				CLANG_WARN_RANGE_LOOP_ANALYSIS = YES;
				CLANG_WARN_STRICT_PROTOTYPES = YES;
				CLANG_WARN_SUSPICIOUS_MOVE = YES;
				CLANG_WARN_UNGUARDED_AVAILABILITY = YES_AGGRESSIVE;
				CLANG_WARN_UNREACHABLE_CODE = YES;
				CLANG_WARN__DUPLICATE_METHOD_MATCH = YES;
				COPY_PHASE_STRIP = NO;
				DEBUG_INFORMATION_FORMAT = "dwarf-with-dsym";
				ENABLE_NS_ASSERTIONS = NO;
				ENABLE_STRICT_OBJC_MSGSEND = YES;
				GCC_C_LANGUAGE_STANDARD = gnu11;
				GCC_NO_COMMON_BLOCKS = YES;
				GCC_WARN_64_TO_32_BIT_CONVERSION = YES;
				GCC_WARN_ABOUT_RETURN_TYPE = YES_ERROR;
				GCC_WARN_UNDECLARED_SELECTOR = YES;
				GCC_WARN_UNINITIALIZED_AUTOS = YES_AGGRESSIVE;
				GCC_WARN_UNUSED_FUNCTION = YES;
				GCC_WARN_UNUSED_VARIABLE = YES;
				MTL_ENABLE_DEBUG_INFO = NO;
				MTL_FAST_MATH = YES;
				SWIFT_COMPILATION_MODE = wholemodule;
				SWIFT_OPTIMIZATION_LEVEL = "-O";
			};
			name = Release;
		};
		E9047BB32970519A000B1885 /* Debug */ = {
			isa = XCBuildConfiguration;
			buildSettings = {
				ASSETCATALOG_COMPILER_APPICON_NAME = AppIcon;
				ASSETCATALOG_COMPILER_GLOBAL_ACCENT_COLOR_NAME = AccentColor;
				CODE_SIGN_ENTITLEMENTS = BeautyPhora/BeautyPhora.entitlements;
				CODE_SIGN_STYLE = Automatic;
				CURRENT_PROJECT_VERSION = 1;
				DEVELOPMENT_ASSET_PATHS = "\"BeautyPhora/Preview Content\"";
				DEVELOPMENT_TEAM = 75K654T5D3;
				ENABLE_HARDENED_RUNTIME = YES;
				ENABLE_PREVIEWS = YES;
				GENERATE_INFOPLIST_FILE = YES;
				INFOPLIST_FILE = BeautyPhora/Info.plist;
				"INFOPLIST_KEY_UIApplicationSceneManifest_Generation[sdk=iphoneos*]" = YES;
				"INFOPLIST_KEY_UIApplicationSceneManifest_Generation[sdk=iphonesimulator*]" = YES;
				"INFOPLIST_KEY_UIApplicationSupportsIndirectInputEvents[sdk=iphoneos*]" = YES;
				"INFOPLIST_KEY_UIApplicationSupportsIndirectInputEvents[sdk=iphonesimulator*]" = YES;
				"INFOPLIST_KEY_UILaunchScreen_Generation[sdk=iphoneos*]" = YES;
				"INFOPLIST_KEY_UILaunchScreen_Generation[sdk=iphonesimulator*]" = YES;
				"INFOPLIST_KEY_UIStatusBarStyle[sdk=iphoneos*]" = UIStatusBarStyleDefault;
				"INFOPLIST_KEY_UIStatusBarStyle[sdk=iphonesimulator*]" = UIStatusBarStyleDefault;
				INFOPLIST_KEY_UISupportedInterfaceOrientations_iPad = "UIInterfaceOrientationPortrait UIInterfaceOrientationPortraitUpsideDown UIInterfaceOrientationLandscapeLeft UIInterfaceOrientationLandscapeRight";
				INFOPLIST_KEY_UISupportedInterfaceOrientations_iPhone = "UIInterfaceOrientationPortrait UIInterfaceOrientationLandscapeLeft UIInterfaceOrientationLandscapeRight";
				IPHONEOS_DEPLOYMENT_TARGET = 16.2;
				LD_RUNPATH_SEARCH_PATHS = "@executable_path/Frameworks";
				"LD_RUNPATH_SEARCH_PATHS[sdk=macosx*]" = "@executable_path/../Frameworks";
				MACOSX_DEPLOYMENT_TARGET = 13.1;
				MARKETING_VERSION = 1.0;
				PRODUCT_BUNDLE_IDENTIFIER = com.homework.BeautyPhora;
				PRODUCT_NAME = "$(TARGET_NAME)";
				SDKROOT = auto;
				SUPPORTED_PLATFORMS = "iphoneos iphonesimulator";
				SUPPORTS_MACCATALYST = NO;
				SUPPORTS_MAC_DESIGNED_FOR_IPHONE_IPAD = NO;
				SWIFT_EMIT_LOC_STRINGS = YES;
				SWIFT_VERSION = 5.0;
				TARGETED_DEVICE_FAMILY = "1,2";
			};
			name = Debug;
		};
		E9047BB42970519A000B1885 /* Release */ = {
			isa = XCBuildConfiguration;
			buildSettings = {
				ASSETCATALOG_COMPILER_APPICON_NAME = AppIcon;
				ASSETCATALOG_COMPILER_GLOBAL_ACCENT_COLOR_NAME = AccentColor;
				CODE_SIGN_ENTITLEMENTS = BeautyPhora/BeautyPhora.entitlements;
				CODE_SIGN_STYLE = Automatic;
				CURRENT_PROJECT_VERSION = 1;
				DEVELOPMENT_ASSET_PATHS = "\"BeautyPhora/Preview Content\"";
				DEVELOPMENT_TEAM = 75K654T5D3;
				ENABLE_HARDENED_RUNTIME = YES;
				ENABLE_PREVIEWS = YES;
				GENERATE_INFOPLIST_FILE = YES;
				INFOPLIST_FILE = BeautyPhora/Info.plist;
				"INFOPLIST_KEY_UIApplicationSceneManifest_Generation[sdk=iphoneos*]" = YES;
				"INFOPLIST_KEY_UIApplicationSceneManifest_Generation[sdk=iphonesimulator*]" = YES;
				"INFOPLIST_KEY_UIApplicationSupportsIndirectInputEvents[sdk=iphoneos*]" = YES;
				"INFOPLIST_KEY_UIApplicationSupportsIndirectInputEvents[sdk=iphonesimulator*]" = YES;
				"INFOPLIST_KEY_UILaunchScreen_Generation[sdk=iphoneos*]" = YES;
				"INFOPLIST_KEY_UILaunchScreen_Generation[sdk=iphonesimulator*]" = YES;
				"INFOPLIST_KEY_UIStatusBarStyle[sdk=iphoneos*]" = UIStatusBarStyleDefault;
				"INFOPLIST_KEY_UIStatusBarStyle[sdk=iphonesimulator*]" = UIStatusBarStyleDefault;
				INFOPLIST_KEY_UISupportedInterfaceOrientations_iPad = "UIInterfaceOrientationPortrait UIInterfaceOrientationPortraitUpsideDown UIInterfaceOrientationLandscapeLeft UIInterfaceOrientationLandscapeRight";
				INFOPLIST_KEY_UISupportedInterfaceOrientations_iPhone = "UIInterfaceOrientationPortrait UIInterfaceOrientationLandscapeLeft UIInterfaceOrientationLandscapeRight";
				IPHONEOS_DEPLOYMENT_TARGET = 16.2;
				LD_RUNPATH_SEARCH_PATHS = "@executable_path/Frameworks";
				"LD_RUNPATH_SEARCH_PATHS[sdk=macosx*]" = "@executable_path/../Frameworks";
				MACOSX_DEPLOYMENT_TARGET = 13.1;
				MARKETING_VERSION = 1.0;
				PRODUCT_BUNDLE_IDENTIFIER = com.homework.BeautyPhora;
				PRODUCT_NAME = "$(TARGET_NAME)";
				SDKROOT = auto;
				SUPPORTED_PLATFORMS = "iphoneos iphonesimulator";
				SUPPORTS_MACCATALYST = NO;
				SUPPORTS_MAC_DESIGNED_FOR_IPHONE_IPAD = NO;
				SWIFT_EMIT_LOC_STRINGS = YES;
				SWIFT_VERSION = 5.0;
				TARGETED_DEVICE_FAMILY = "1,2";
			};
			name = Release;
		};
		E9047BB62970519A000B1885 /* Debug */ = {
			isa = XCBuildConfiguration;
			buildSettings = {
				ALWAYS_EMBED_SWIFT_STANDARD_LIBRARIES = YES;
				BUNDLE_LOADER = "$(TEST_HOST)";
				CODE_SIGN_STYLE = Automatic;
				CURRENT_PROJECT_VERSION = 1;
				DEVELOPMENT_TEAM = 75K654T5D3;
				GENERATE_INFOPLIST_FILE = YES;
				IPHONEOS_DEPLOYMENT_TARGET = 16.2;
				MACOSX_DEPLOYMENT_TARGET = 13.1;
				MARKETING_VERSION = 1.0;
				PRODUCT_BUNDLE_IDENTIFIER = com.homework.BeautyPhoraTests;
				PRODUCT_NAME = "$(TARGET_NAME)";
				SDKROOT = auto;
				SUPPORTED_PLATFORMS = "iphoneos iphonesimulator macosx";
				SWIFT_EMIT_LOC_STRINGS = NO;
				SWIFT_VERSION = 5.0;
				TARGETED_DEVICE_FAMILY = "1,2";
				TEST_HOST = "$(BUILT_PRODUCTS_DIR)/BeautyPhora.app/$(BUNDLE_EXECUTABLE_FOLDER_PATH)/BeautyPhora";
			};
			name = Debug;
		};
		E9047BB72970519A000B1885 /* Release */ = {
			isa = XCBuildConfiguration;
			buildSettings = {
				ALWAYS_EMBED_SWIFT_STANDARD_LIBRARIES = YES;
				BUNDLE_LOADER = "$(TEST_HOST)";
				CODE_SIGN_STYLE = Automatic;
				CURRENT_PROJECT_VERSION = 1;
				DEVELOPMENT_TEAM = 75K654T5D3;
				GENERATE_INFOPLIST_FILE = YES;
				IPHONEOS_DEPLOYMENT_TARGET = 16.2;
				MACOSX_DEPLOYMENT_TARGET = 13.1;
				MARKETING_VERSION = 1.0;
				PRODUCT_BUNDLE_IDENTIFIER = com.homework.BeautyPhoraTests;
				PRODUCT_NAME = "$(TARGET_NAME)";
				SDKROOT = auto;
				SUPPORTED_PLATFORMS = "iphoneos iphonesimulator macosx";
				SWIFT_EMIT_LOC_STRINGS = NO;
				SWIFT_VERSION = 5.0;
				TARGETED_DEVICE_FAMILY = "1,2";
				TEST_HOST = "$(BUILT_PRODUCTS_DIR)/BeautyPhora.app/$(BUNDLE_EXECUTABLE_FOLDER_PATH)/BeautyPhora";
			};
			name = Release;
		};
		E9047BB92970519A000B1885 /* Debug */ = {
			isa = XCBuildConfiguration;
			buildSettings = {
				ALWAYS_EMBED_SWIFT_STANDARD_LIBRARIES = YES;
				CODE_SIGN_STYLE = Automatic;
				CURRENT_PROJECT_VERSION = 1;
				DEVELOPMENT_TEAM = 75K654T5D3;
				GENERATE_INFOPLIST_FILE = YES;
				IPHONEOS_DEPLOYMENT_TARGET = 16.2;
				MACOSX_DEPLOYMENT_TARGET = 13.1;
				MARKETING_VERSION = 1.0;
				PRODUCT_BUNDLE_IDENTIFIER = com.homework.BeautyPhoraUITests;
				PRODUCT_NAME = "$(TARGET_NAME)";
				SDKROOT = auto;
				SUPPORTED_PLATFORMS = "iphoneos iphonesimulator macosx";
				SWIFT_EMIT_LOC_STRINGS = NO;
				SWIFT_VERSION = 5.0;
				TARGETED_DEVICE_FAMILY = "1,2";
				TEST_TARGET_NAME = BeautyPhora;
			};
			name = Debug;
		};
		E9047BBA2970519A000B1885 /* Release */ = {
			isa = XCBuildConfiguration;
			buildSettings = {
				ALWAYS_EMBED_SWIFT_STANDARD_LIBRARIES = YES;
				CODE_SIGN_STYLE = Automatic;
				CURRENT_PROJECT_VERSION = 1;
				DEVELOPMENT_TEAM = 75K654T5D3;
				GENERATE_INFOPLIST_FILE = YES;
				IPHONEOS_DEPLOYMENT_TARGET = 16.2;
				MACOSX_DEPLOYMENT_TARGET = 13.1;
				MARKETING_VERSION = 1.0;
				PRODUCT_BUNDLE_IDENTIFIER = com.homework.BeautyPhoraUITests;
				PRODUCT_NAME = "$(TARGET_NAME)";
				SDKROOT = auto;
				SUPPORTED_PLATFORMS = "iphoneos iphonesimulator macosx";
				SWIFT_EMIT_LOC_STRINGS = NO;
				SWIFT_VERSION = 5.0;
				TARGETED_DEVICE_FAMILY = "1,2";
				TEST_TARGET_NAME = BeautyPhora;
			};
			name = Release;
		};
/* End XCBuildConfiguration section */

/* Begin XCConfigurationList section */
		E9047B7E29705197000B1885 /* Build configuration list for PBXProject "BeautyPhora" */ = {
			isa = XCConfigurationList;
			buildConfigurations = (
				E9047BB02970519A000B1885 /* Debug */,
				E9047BB12970519A000B1885 /* Release */,
			);
			defaultConfigurationIsVisible = 0;
			defaultConfigurationName = Release;
		};
		E9047BB22970519A000B1885 /* Build configuration list for PBXNativeTarget "BeautyPhora" */ = {
			isa = XCConfigurationList;
			buildConfigurations = (
				E9047BB32970519A000B1885 /* Debug */,
				E9047BB42970519A000B1885 /* Release */,
			);
			defaultConfigurationIsVisible = 0;
			defaultConfigurationName = Release;
		};
		E9047BB52970519A000B1885 /* Build configuration list for PBXNativeTarget "BeautyPhoraTests" */ = {
			isa = XCConfigurationList;
			buildConfigurations = (
				E9047BB62970519A000B1885 /* Debug */,
				E9047BB72970519A000B1885 /* Release */,
			);
			defaultConfigurationIsVisible = 0;
			defaultConfigurationName = Release;
		};
		E9047BB82970519A000B1885 /* Build configuration list for PBXNativeTarget "BeautyPhoraUITests" */ = {
			isa = XCConfigurationList;
			buildConfigurations = (
				E9047BB92970519A000B1885 /* Debug */,
				E9047BBA2970519A000B1885 /* Release */,
			);
			defaultConfigurationIsVisible = 0;
			defaultConfigurationName = Release;
		};
/* End XCConfigurationList section */

/* Begin XCVersionGroup section */
		E9047B8D29705197000B1885 /* BeautyPhora.xcdatamodeld */ = {
			isa = XCVersionGroup;
			children = (
				E9047B8E29705197000B1885 /* BeautyPhora.xcdatamodel */,
			);
			currentVersion = E9047B8E29705197000B1885 /* BeautyPhora.xcdatamodel */;
			path = BeautyPhora.xcdatamodeld;
			sourceTree = "<group>";
			versionGroupType = wrapper.xcdatamodel;
		};
/* End XCVersionGroup section */
	};
	rootObject = E9047B7B29705197000B1885 /* Project object */;
}
